// !$*UTF8*$!
{
	archiveVersion = 1;
	classes = {
	};
	objectVersion = 56;
	objects = {

/* Begin PBXBuildFile section */
		08C8724D2A86A1E30034E6B6 /* GetRickAndMortyProtocol.swift in Sources */ = {isa = PBXBuildFile; fileRef = 08C8724C2A86A1E30034E6B6 /* GetRickAndMortyProtocol.swift */; };
		08C8724F2A86AB160034E6B6 /* RickAndMortyModel.swift in Sources */ = {isa = PBXBuildFile; fileRef = 08C8724E2A86AB160034E6B6 /* RickAndMortyModel.swift */; };
		08C8725D2A86AB8E0034E6B6 /* Data.framework in Frameworks */ = {isa = PBXBuildFile; fileRef = 08C872552A86AB8E0034E6B6 /* Data.framework */; };
		08C872622A86AB8E0034E6B6 /* RemoteRickAndMortyTests.swift in Sources */ = {isa = PBXBuildFile; fileRef = 08C872612A86AB8E0034E6B6 /* RemoteRickAndMortyTests.swift */; };
		08C8726A2A86ABD40034E6B6 /* Domain.framework in Frameworks */ = {isa = PBXBuildFile; fileRef = 08A9268E2A8554F50003E93E /* Domain.framework */; };
		08C8726B2A86ABD40034E6B6 /* Domain.framework in Embed Frameworks */ = {isa = PBXBuildFile; fileRef = 08A9268E2A8554F50003E93E /* Domain.framework */; settings = {ATTRIBUTES = (CodeSignOnCopy, RemoveHeadersOnCopy, ); }; };
		08C872702A86BCF00034E6B6 /* RemoteRickAndMorty.swift in Sources */ = {isa = PBXBuildFile; fileRef = 08C8726F2A86BCF00034E6B6 /* RemoteRickAndMorty.swift */; };
		08C872722A86BD8B0034E6B6 /* HttpGetClientProtocol.swift in Sources */ = {isa = PBXBuildFile; fileRef = 08C872712A86BD8B0034E6B6 /* HttpGetClientProtocol.swift */; };
		29C7DB57D5EC02D2F637000F /* Pods_Domain.framework in Frameworks */ = {isa = PBXBuildFile; fileRef = BFE451E36E6C8748419E52AE /* Pods_Domain.framework */; };
/* End PBXBuildFile section */

/* Begin PBXContainerItemProxy section */
		08C8725E2A86AB8E0034E6B6 /* PBXContainerItemProxy */ = {
			isa = PBXContainerItemProxy;
			containerPortal = 08A9266A2A85545E0003E93E /* Project object */;
			proxyType = 1;
			remoteGlobalIDString = 08C872542A86AB8E0034E6B6;
			remoteInfo = Data;
		};
		08C8726C2A86ABD40034E6B6 /* PBXContainerItemProxy */ = {
			isa = PBXContainerItemProxy;
			containerPortal = 08A9266A2A85545E0003E93E /* Project object */;
			proxyType = 1;
			remoteGlobalIDString = 08A9268D2A8554F50003E93E;
			remoteInfo = Domain;
		};
/* End PBXContainerItemProxy section */

/* Begin PBXCopyFilesBuildPhase section */
		08C8726E2A86ABD40034E6B6 /* Embed Frameworks */ = {
			isa = PBXCopyFilesBuildPhase;
			buildActionMask = 2147483647;
			dstPath = "";
			dstSubfolderSpec = 10;
			files = (
				08C8726B2A86ABD40034E6B6 /* Domain.framework in Embed Frameworks */,
			);
			name = "Embed Frameworks";
			runOnlyForDeploymentPostprocessing = 0;
		};
/* End PBXCopyFilesBuildPhase section */

/* Begin PBXFileReference section */
		08A9268E2A8554F50003E93E /* Domain.framework */ = {isa = PBXFileReference; explicitFileType = wrapper.framework; includeInIndex = 0; path = Domain.framework; sourceTree = BUILT_PRODUCTS_DIR; };
		08C8724C2A86A1E30034E6B6 /* GetRickAndMortyProtocol.swift */ = {isa = PBXFileReference; lastKnownFileType = sourcecode.swift; path = GetRickAndMortyProtocol.swift; sourceTree = "<group>"; };
		08C8724E2A86AB160034E6B6 /* RickAndMortyModel.swift */ = {isa = PBXFileReference; lastKnownFileType = sourcecode.swift; path = RickAndMortyModel.swift; sourceTree = "<group>"; };
		08C872552A86AB8E0034E6B6 /* Data.framework */ = {isa = PBXFileReference; explicitFileType = wrapper.framework; includeInIndex = 0; path = Data.framework; sourceTree = BUILT_PRODUCTS_DIR; };
		08C8725C2A86AB8E0034E6B6 /* DataTests.xctest */ = {isa = PBXFileReference; explicitFileType = wrapper.cfbundle; includeInIndex = 0; path = DataTests.xctest; sourceTree = BUILT_PRODUCTS_DIR; };
		08C872612A86AB8E0034E6B6 /* RemoteRickAndMortyTests.swift */ = {isa = PBXFileReference; lastKnownFileType = sourcecode.swift; path = RemoteRickAndMortyTests.swift; sourceTree = "<group>"; };
		08C8726F2A86BCF00034E6B6 /* RemoteRickAndMorty.swift */ = {isa = PBXFileReference; lastKnownFileType = sourcecode.swift; path = RemoteRickAndMorty.swift; sourceTree = "<group>"; };
		08C872712A86BD8B0034E6B6 /* HttpGetClientProtocol.swift */ = {isa = PBXFileReference; lastKnownFileType = sourcecode.swift; path = HttpGetClientProtocol.swift; sourceTree = "<group>"; };
		2DE6020550295DE31EE7158A /* Pods-Domain.debug.xcconfig */ = {isa = PBXFileReference; includeInIndex = 1; lastKnownFileType = text.xcconfig; name = "Pods-Domain.debug.xcconfig"; path = "Target Support Files/Pods-Domain/Pods-Domain.debug.xcconfig"; sourceTree = "<group>"; };
		9F656581F8D4538E7B889BFC /* Pods-Domain.release.xcconfig */ = {isa = PBXFileReference; includeInIndex = 1; lastKnownFileType = text.xcconfig; name = "Pods-Domain.release.xcconfig"; path = "Target Support Files/Pods-Domain/Pods-Domain.release.xcconfig"; sourceTree = "<group>"; };
		BFE451E36E6C8748419E52AE /* Pods_Domain.framework */ = {isa = PBXFileReference; explicitFileType = wrapper.framework; includeInIndex = 0; path = Pods_Domain.framework; sourceTree = BUILT_PRODUCTS_DIR; };
/* End PBXFileReference section */

/* Begin PBXFrameworksBuildPhase section */
		08A9268B2A8554F50003E93E /* Frameworks */ = {
			isa = PBXFrameworksBuildPhase;
			buildActionMask = 2147483647;
			files = (
				29C7DB57D5EC02D2F637000F /* Pods_Domain.framework in Frameworks */,
			);
			runOnlyForDeploymentPostprocessing = 0;
		};
		08C872522A86AB8E0034E6B6 /* Frameworks */ = {
			isa = PBXFrameworksBuildPhase;
			buildActionMask = 2147483647;
			files = (
				08C8726A2A86ABD40034E6B6 /* Domain.framework in Frameworks */,
			);
			runOnlyForDeploymentPostprocessing = 0;
		};
		08C872592A86AB8E0034E6B6 /* Frameworks */ = {
			isa = PBXFrameworksBuildPhase;
			buildActionMask = 2147483647;
			files = (
				08C8725D2A86AB8E0034E6B6 /* Data.framework in Frameworks */,
			);
			runOnlyForDeploymentPostprocessing = 0;
		};
/* End PBXFrameworksBuildPhase section */

/* Begin PBXGroup section */
		08A926692A85545E0003E93E = {
			isa = PBXGroup;
			children = (
				08A9268F2A8554F50003E93E /* Domain */,
				08C872562A86AB8E0034E6B6 /* Data */,
				08C872602A86AB8E0034E6B6 /* DataTests */,
				08A926732A85545E0003E93E /* Products */,
				DD48EB7CAF802AF73905A001 /* Pods */,
				AB551E63675D9255404A3632 /* Frameworks */,
			);
			sourceTree = "<group>";
		};
		08A926732A85545E0003E93E /* Products */ = {
			isa = PBXGroup;
			children = (
				08A9268E2A8554F50003E93E /* Domain.framework */,
				08C872552A86AB8E0034E6B6 /* Data.framework */,
				08C8725C2A86AB8E0034E6B6 /* DataTests.xctest */,
			);
			name = Products;
			sourceTree = "<group>";
		};
		08A9268F2A8554F50003E93E /* Domain */ = {
			isa = PBXGroup;
			children = (
				08C872732A86BEE60034E6B6 /* UseCases */,
				08C872742A86BEEF0034E6B6 /* Models */,
			);
			path = Domain;
			sourceTree = "<group>";
		};
		08C872562A86AB8E0034E6B6 /* Data */ = {
			isa = PBXGroup;
			children = (
				08C872752A86BF100034E6B6 /* UseCases */,
				08C872762A86BF230034E6B6 /* Http */,
			);
			path = Data;
			sourceTree = "<group>";
		};
		08C872602A86AB8E0034E6B6 /* DataTests */ = {
			isa = PBXGroup;
			children = (
				08C872772A86BF340034E6B6 /* UseCases */,
			);
			path = DataTests;
			sourceTree = "<group>";
		};
		08C872732A86BEE60034E6B6 /* UseCases */ = {
			isa = PBXGroup;
			children = (
				08C8724C2A86A1E30034E6B6 /* GetRickAndMortyProtocol.swift */,
			);
			path = UseCases;
			sourceTree = "<group>";
		};
		08C872742A86BEEF0034E6B6 /* Models */ = {
			isa = PBXGroup;
			children = (
				08C8724E2A86AB160034E6B6 /* RickAndMortyModel.swift */,
			);
			path = Models;
			sourceTree = "<group>";
		};
		08C872752A86BF100034E6B6 /* UseCases */ = {
			isa = PBXGroup;
			children = (
				08C8726F2A86BCF00034E6B6 /* RemoteRickAndMorty.swift */,
			);
			path = UseCases;
			sourceTree = "<group>";
		};
		08C872762A86BF230034E6B6 /* Http */ = {
			isa = PBXGroup;
			children = (
				08C872712A86BD8B0034E6B6 /* HttpGetClientProtocol.swift */,
			);
			path = Http;
			sourceTree = "<group>";
		};
		08C872772A86BF340034E6B6 /* UseCases */ = {
			isa = PBXGroup;
			children = (
				08C872612A86AB8E0034E6B6 /* RemoteRickAndMortyTests.swift */,
			);
			path = UseCases;
			sourceTree = "<group>";
		};
		AB551E63675D9255404A3632 /* Frameworks */ = {
			isa = PBXGroup;
			children = (
				BFE451E36E6C8748419E52AE /* Pods_Domain.framework */,
			);
			name = Frameworks;
			sourceTree = "<group>";
		};
		DD48EB7CAF802AF73905A001 /* Pods */ = {
			isa = PBXGroup;
			children = (
				2DE6020550295DE31EE7158A /* Pods-Domain.debug.xcconfig */,
				9F656581F8D4538E7B889BFC /* Pods-Domain.release.xcconfig */,
			);
			path = Pods;
			sourceTree = "<group>";
		};
/* End PBXGroup section */

/* Begin PBXHeadersBuildPhase section */
		08A926892A8554F50003E93E /* Headers */ = {
			isa = PBXHeadersBuildPhase;
			buildActionMask = 2147483647;
			files = (
			);
			runOnlyForDeploymentPostprocessing = 0;
		};
		08C872502A86AB8E0034E6B6 /* Headers */ = {
			isa = PBXHeadersBuildPhase;
			buildActionMask = 2147483647;
			files = (
			);
			runOnlyForDeploymentPostprocessing = 0;
		};
/* End PBXHeadersBuildPhase section */

/* Begin PBXNativeTarget section */
		08A9268D2A8554F50003E93E /* Domain */ = {
			isa = PBXNativeTarget;
			buildConfigurationList = 08A926922A8554F50003E93E /* Build configuration list for PBXNativeTarget "Domain" */;
			buildPhases = (
				51245BCBFC52C313ECC00CC8 /* [CP] Check Pods Manifest.lock */,
				08A926892A8554F50003E93E /* Headers */,
				08A9268A2A8554F50003E93E /* Sources */,
				08A9268B2A8554F50003E93E /* Frameworks */,
				08A9268C2A8554F50003E93E /* Resources */,
			);
			buildRules = (
			);
			dependencies = (
			);
			name = Domain;
			productName = Domain;
			productReference = 08A9268E2A8554F50003E93E /* Domain.framework */;
			productType = "com.apple.product-type.framework";
		};
		08C872542A86AB8E0034E6B6 /* Data */ = {
			isa = PBXNativeTarget;
			buildConfigurationList = 08C872642A86AB8E0034E6B6 /* Build configuration list for PBXNativeTarget "Data" */;
			buildPhases = (
				08C872502A86AB8E0034E6B6 /* Headers */,
				08C872512A86AB8E0034E6B6 /* Sources */,
				08C872522A86AB8E0034E6B6 /* Frameworks */,
				08C872532A86AB8E0034E6B6 /* Resources */,
				08C8726E2A86ABD40034E6B6 /* Embed Frameworks */,
			);
			buildRules = (
			);
			dependencies = (
				08C8726D2A86ABD40034E6B6 /* PBXTargetDependency */,
			);
			name = Data;
			productName = Data;
			productReference = 08C872552A86AB8E0034E6B6 /* Data.framework */;
			productType = "com.apple.product-type.framework";
		};
		08C8725B2A86AB8E0034E6B6 /* DataTests */ = {
			isa = PBXNativeTarget;
			buildConfigurationList = 08C872672A86AB8E0034E6B6 /* Build configuration list for PBXNativeTarget "DataTests" */;
			buildPhases = (
				08C872582A86AB8E0034E6B6 /* Sources */,
				08C872592A86AB8E0034E6B6 /* Frameworks */,
				08C8725A2A86AB8E0034E6B6 /* Resources */,
			);
			buildRules = (
			);
			dependencies = (
				08C8725F2A86AB8E0034E6B6 /* PBXTargetDependency */,
			);
			name = DataTests;
			productName = DataTests;
			productReference = 08C8725C2A86AB8E0034E6B6 /* DataTests.xctest */;
			productType = "com.apple.product-type.bundle.unit-test";
		};
/* End PBXNativeTarget section */

/* Begin PBXProject section */
		08A9266A2A85545E0003E93E /* Project object */ = {
			isa = PBXProject;
			attributes = {
				BuildIndependentTargetsInParallel = 1;
				LastSwiftUpdateCheck = 1420;
				LastUpgradeCheck = 1420;
				TargetAttributes = {
					08A9268D2A8554F50003E93E = {
						CreatedOnToolsVersion = 14.2;
						LastSwiftMigration = 1420;
					};
					08C872542A86AB8E0034E6B6 = {
						CreatedOnToolsVersion = 14.2;
						LastSwiftMigration = 1420;
					};
					08C8725B2A86AB8E0034E6B6 = {
						CreatedOnToolsVersion = 14.2;
					};
				};
			};
			buildConfigurationList = 08A9266D2A85545E0003E93E /* Build configuration list for PBXProject "RickAndMorty" */;
			compatibilityVersion = "Xcode 14.0";
			developmentRegion = en;
			hasScannedForEncodings = 0;
			knownRegions = (
				en,
				Base,
			);
			mainGroup = 08A926692A85545E0003E93E;
			productRefGroup = 08A926732A85545E0003E93E /* Products */;
			projectDirPath = "";
			projectRoot = "";
			targets = (
				08A9268D2A8554F50003E93E /* Domain */,
				08C872542A86AB8E0034E6B6 /* Data */,
				08C8725B2A86AB8E0034E6B6 /* DataTests */,
			);
		};
/* End PBXProject section */

/* Begin PBXResourcesBuildPhase section */
		08A9268C2A8554F50003E93E /* Resources */ = {
			isa = PBXResourcesBuildPhase;
			buildActionMask = 2147483647;
			files = (
			);
			runOnlyForDeploymentPostprocessing = 0;
		};
		08C872532A86AB8E0034E6B6 /* Resources */ = {
			isa = PBXResourcesBuildPhase;
			buildActionMask = 2147483647;
			files = (
			);
			runOnlyForDeploymentPostprocessing = 0;
		};
		08C8725A2A86AB8E0034E6B6 /* Resources */ = {
			isa = PBXResourcesBuildPhase;
			buildActionMask = 2147483647;
			files = (
			);
			runOnlyForDeploymentPostprocessing = 0;
		};
/* End PBXResourcesBuildPhase section */

/* Begin PBXShellScriptBuildPhase section */
		51245BCBFC52C313ECC00CC8 /* [CP] Check Pods Manifest.lock */ = {
			isa = PBXShellScriptBuildPhase;
			buildActionMask = 2147483647;
			files = (
			);
			inputFileListPaths = (
			);
			inputPaths = (
				"${PODS_PODFILE_DIR_PATH}/Podfile.lock",
				"${PODS_ROOT}/Manifest.lock",
			);
			name = "[CP] Check Pods Manifest.lock";
			outputFileListPaths = (
			);
			outputPaths = (
				"$(DERIVED_FILE_DIR)/Pods-Domain-checkManifestLockResult.txt",
			);
			runOnlyForDeploymentPostprocessing = 0;
			shellPath = /bin/sh;
			shellScript = "diff \"${PODS_PODFILE_DIR_PATH}/Podfile.lock\" \"${PODS_ROOT}/Manifest.lock\" > /dev/null\nif [ $? != 0 ] ; then\n    # print error to STDERR\n    echo \"error: The sandbox is not in sync with the Podfile.lock. Run 'pod install' or update your CocoaPods installation.\" >&2\n    exit 1\nfi\n# This output is used by Xcode 'outputs' to avoid re-running this script phase.\necho \"SUCCESS\" > \"${SCRIPT_OUTPUT_FILE_0}\"\n";
			showEnvVarsInLog = 0;
		};
/* End PBXShellScriptBuildPhase section */

/* Begin PBXSourcesBuildPhase section */
		08A9268A2A8554F50003E93E /* Sources */ = {
			isa = PBXSourcesBuildPhase;
			buildActionMask = 2147483647;
			files = (
				08C8724F2A86AB160034E6B6 /* RickAndMortyModel.swift in Sources */,
				08C8724D2A86A1E30034E6B6 /* GetRickAndMortyProtocol.swift in Sources */,
			);
			runOnlyForDeploymentPostprocessing = 0;
		};
		08C872512A86AB8E0034E6B6 /* Sources */ = {
			isa = PBXSourcesBuildPhase;
			buildActionMask = 2147483647;
			files = (
				08C872702A86BCF00034E6B6 /* RemoteRickAndMorty.swift in Sources */,
				08C872722A86BD8B0034E6B6 /* HttpGetClientProtocol.swift in Sources */,
			);
			runOnlyForDeploymentPostprocessing = 0;
		};
		08C872582A86AB8E0034E6B6 /* Sources */ = {
			isa = PBXSourcesBuildPhase;
			buildActionMask = 2147483647;
			files = (
				08C872622A86AB8E0034E6B6 /* RemoteRickAndMortyTests.swift in Sources */,
			);
			runOnlyForDeploymentPostprocessing = 0;
		};
/* End PBXSourcesBuildPhase section */

/* Begin PBXTargetDependency section */
		08C8725F2A86AB8E0034E6B6 /* PBXTargetDependency */ = {
			isa = PBXTargetDependency;
			target = 08C872542A86AB8E0034E6B6 /* Data */;
			targetProxy = 08C8725E2A86AB8E0034E6B6 /* PBXContainerItemProxy */;
		};
		08C8726D2A86ABD40034E6B6 /* PBXTargetDependency */ = {
			isa = PBXTargetDependency;
			target = 08A9268D2A8554F50003E93E /* Domain */;
			targetProxy = 08C8726C2A86ABD40034E6B6 /* PBXContainerItemProxy */;
		};
/* End PBXTargetDependency section */

/* Begin XCBuildConfiguration section */
		08A926842A85545F0003E93E /* Debug */ = {
			isa = XCBuildConfiguration;
			buildSettings = {
				ALWAYS_SEARCH_USER_PATHS = NO;
				CLANG_ANALYZER_NONNULL = YES;
				CLANG_ANALYZER_NUMBER_OBJECT_CONVERSION = YES_AGGRESSIVE;
				CLANG_CXX_LANGUAGE_STANDARD = "gnu++20";
				CLANG_ENABLE_MODULES = YES;
				CLANG_ENABLE_OBJC_ARC = YES;
				CLANG_ENABLE_OBJC_WEAK = YES;
				CLANG_WARN_BLOCK_CAPTURE_AUTORELEASING = YES;
				CLANG_WARN_BOOL_CONVERSION = YES;
				CLANG_WARN_COMMA = YES;
				CLANG_WARN_CONSTANT_CONVERSION = YES;
				CLANG_WARN_DEPRECATED_OBJC_IMPLEMENTATIONS = YES;
				CLANG_WARN_DIRECT_OBJC_ISA_USAGE = YES_ERROR;
				CLANG_WARN_DOCUMENTATION_COMMENTS = YES;
				CLANG_WARN_EMPTY_BODY = YES;
				CLANG_WARN_ENUM_CONVERSION = YES;
				CLANG_WARN_INFINITE_RECURSION = YES;
				CLANG_WARN_INT_CONVERSION = YES;
				CLANG_WARN_NON_LITERAL_NULL_CONVERSION = YES;
				CLANG_WARN_OBJC_IMPLICIT_RETAIN_SELF = YES;
				CLANG_WARN_OBJC_LITERAL_CONVERSION = YES;
				CLANG_WARN_OBJC_ROOT_CLASS = YES_ERROR;
				CLANG_WARN_QUOTED_INCLUDE_IN_FRAMEWORK_HEADER = YES;
				CLANG_WARN_RANGE_LOOP_ANALYSIS = YES;
				CLANG_WARN_STRICT_PROTOTYPES = YES;
				CLANG_WARN_SUSPICIOUS_MOVE = YES;
				CLANG_WARN_UNGUARDED_AVAILABILITY = YES_AGGRESSIVE;
				CLANG_WARN_UNREACHABLE_CODE = YES;
				CLANG_WARN__DUPLICATE_METHOD_MATCH = YES;
				COPY_PHASE_STRIP = NO;
				DEBUG_INFORMATION_FORMAT = dwarf;
				ENABLE_STRICT_OBJC_MSGSEND = YES;
				ENABLE_TESTABILITY = YES;
				GCC_C_LANGUAGE_STANDARD = gnu11;
				GCC_DYNAMIC_NO_PIC = NO;
				GCC_NO_COMMON_BLOCKS = YES;
				GCC_OPTIMIZATION_LEVEL = 0;
				GCC_PREPROCESSOR_DEFINITIONS = (
					"DEBUG=1",
					"$(inherited)",
				);
				GCC_WARN_64_TO_32_BIT_CONVERSION = YES;
				GCC_WARN_ABOUT_RETURN_TYPE = YES_ERROR;
				GCC_WARN_UNDECLARED_SELECTOR = YES;
				GCC_WARN_UNINITIALIZED_AUTOS = YES_AGGRESSIVE;
				GCC_WARN_UNUSED_FUNCTION = YES;
				GCC_WARN_UNUSED_VARIABLE = YES;
				IPHONEOS_DEPLOYMENT_TARGET = 16.2;
				MTL_ENABLE_DEBUG_INFO = INCLUDE_SOURCE;
				MTL_FAST_MATH = YES;
				ONLY_ACTIVE_ARCH = YES;
				SDKROOT = iphoneos;
				SWIFT_ACTIVE_COMPILATION_CONDITIONS = DEBUG;
				SWIFT_OPTIMIZATION_LEVEL = "-Onone";
			};
			name = Debug;
		};
		08A926852A85545F0003E93E /* Release */ = {
			isa = XCBuildConfiguration;
			buildSettings = {
				ALWAYS_SEARCH_USER_PATHS = NO;
				CLANG_ANALYZER_NONNULL = YES;
				CLANG_ANALYZER_NUMBER_OBJECT_CONVERSION = YES_AGGRESSIVE;
				CLANG_CXX_LANGUAGE_STANDARD = "gnu++20";
				CLANG_ENABLE_MODULES = YES;
				CLANG_ENABLE_OBJC_ARC = YES;
				CLANG_ENABLE_OBJC_WEAK = YES;
				CLANG_WARN_BLOCK_CAPTURE_AUTORELEASING = YES;
				CLANG_WARN_BOOL_CONVERSION = YES;
				CLANG_WARN_COMMA = YES;
				CLANG_WARN_CONSTANT_CONVERSION = YES;
				CLANG_WARN_DEPRECATED_OBJC_IMPLEMENTATIONS = YES;
				CLANG_WARN_DIRECT_OBJC_ISA_USAGE = YES_ERROR;
				CLANG_WARN_DOCUMENTATION_COMMENTS = YES;
				CLANG_WARN_EMPTY_BODY = YES;
				CLANG_WARN_ENUM_CONVERSION = YES;
				CLANG_WARN_INFINITE_RECURSION = YES;
				CLANG_WARN_INT_CONVERSION = YES;
				CLANG_WARN_NON_LITERAL_NULL_CONVERSION = YES;
				CLANG_WARN_OBJC_IMPLICIT_RETAIN_SELF = YES;
				CLANG_WARN_OBJC_LITERAL_CONVERSION = YES;
				CLANG_WARN_OBJC_ROOT_CLASS = YES_ERROR;
				CLANG_WARN_QUOTED_INCLUDE_IN_FRAMEWORK_HEADER = YES;
				CLANG_WARN_RANGE_LOOP_ANALYSIS = YES;
				CLANG_WARN_STRICT_PROTOTYPES = YES;
				CLANG_WARN_SUSPICIOUS_MOVE = YES;
				CLANG_WARN_UNGUARDED_AVAILABILITY = YES_AGGRESSIVE;
				CLANG_WARN_UNREACHABLE_CODE = YES;
				CLANG_WARN__DUPLICATE_METHOD_MATCH = YES;
				COPY_PHASE_STRIP = NO;
				DEBUG_INFORMATION_FORMAT = "dwarf-with-dsym";
				ENABLE_NS_ASSERTIONS = NO;
				ENABLE_STRICT_OBJC_MSGSEND = YES;
				GCC_C_LANGUAGE_STANDARD = gnu11;
				GCC_NO_COMMON_BLOCKS = YES;
				GCC_WARN_64_TO_32_BIT_CONVERSION = YES;
				GCC_WARN_ABOUT_RETURN_TYPE = YES_ERROR;
				GCC_WARN_UNDECLARED_SELECTOR = YES;
				GCC_WARN_UNINITIALIZED_AUTOS = YES_AGGRESSIVE;
				GCC_WARN_UNUSED_FUNCTION = YES;
				GCC_WARN_UNUSED_VARIABLE = YES;
				IPHONEOS_DEPLOYMENT_TARGET = 16.2;
				MTL_ENABLE_DEBUG_INFO = NO;
				MTL_FAST_MATH = YES;
				SDKROOT = iphoneos;
				SWIFT_COMPILATION_MODE = wholemodule;
				SWIFT_OPTIMIZATION_LEVEL = "-O";
				VALIDATE_PRODUCT = YES;
			};
			name = Release;
		};
		08A926932A8554F50003E93E /* Debug */ = {
			isa = XCBuildConfiguration;
			baseConfigurationReference = 2DE6020550295DE31EE7158A /* Pods-Domain.debug.xcconfig */;
			buildSettings = {
				CLANG_ENABLE_MODULES = YES;
				CODE_SIGN_STYLE = Automatic;
				COMBINE_HIDPI_IMAGES = YES;
				CURRENT_PROJECT_VERSION = 1;
				DEFINES_MODULE = YES;
				DYLIB_COMPATIBILITY_VERSION = 1;
				DYLIB_CURRENT_VERSION = 1;
				DYLIB_INSTALL_NAME_BASE = "@rpath";
				GENERATE_INFOPLIST_FILE = YES;
				INFOPLIST_KEY_NSHumanReadableCopyright = "";
				INSTALL_PATH = "$(LOCAL_LIBRARY_DIR)/Frameworks";
				LD_RUNPATH_SEARCH_PATHS = (
					"$(inherited)",
					"@executable_path/../Frameworks",
					"@loader_path/Frameworks",
				);
				MACOSX_DEPLOYMENT_TARGET = 12.5;
				MARKETING_VERSION = 1.0;
				PRODUCT_BUNDLE_IDENTIFIER = br.com.Gabriel.Chacon.Bh.Domain;
				PRODUCT_NAME = "$(TARGET_NAME:c99extidentifier)";
				SDKROOT = macosx;
				SKIP_INSTALL = YES;
				SWIFT_EMIT_LOC_STRINGS = YES;
				SWIFT_OPTIMIZATION_LEVEL = "-Onone";
				SWIFT_VERSION = 5.0;
				VERSIONING_SYSTEM = "apple-generic";
				VERSION_INFO_PREFIX = "";
			};
			name = Debug;
		};
		08A926942A8554F50003E93E /* Release */ = {
			isa = XCBuildConfiguration;
			baseConfigurationReference = 9F656581F8D4538E7B889BFC /* Pods-Domain.release.xcconfig */;
			buildSettings = {
				CLANG_ENABLE_MODULES = YES;
				CODE_SIGN_STYLE = Automatic;
				COMBINE_HIDPI_IMAGES = YES;
				CURRENT_PROJECT_VERSION = 1;
				DEFINES_MODULE = YES;
				DYLIB_COMPATIBILITY_VERSION = 1;
				DYLIB_CURRENT_VERSION = 1;
				DYLIB_INSTALL_NAME_BASE = "@rpath";
				GENERATE_INFOPLIST_FILE = YES;
				INFOPLIST_KEY_NSHumanReadableCopyright = "";
				INSTALL_PATH = "$(LOCAL_LIBRARY_DIR)/Frameworks";
				LD_RUNPATH_SEARCH_PATHS = (
					"$(inherited)",
					"@executable_path/../Frameworks",
					"@loader_path/Frameworks",
				);
				MACOSX_DEPLOYMENT_TARGET = 12.5;
				MARKETING_VERSION = 1.0;
				PRODUCT_BUNDLE_IDENTIFIER = br.com.Gabriel.Chacon.Bh.Domain;
				PRODUCT_NAME = "$(TARGET_NAME:c99extidentifier)";
				SDKROOT = macosx;
				SKIP_INSTALL = YES;
				SWIFT_EMIT_LOC_STRINGS = YES;
				SWIFT_VERSION = 5.0;
				VERSIONING_SYSTEM = "apple-generic";
				VERSION_INFO_PREFIX = "";
			};
			name = Release;
		};
		08C872652A86AB8E0034E6B6 /* Debug */ = {
			isa = XCBuildConfiguration;
			buildSettings = {
				CLANG_ENABLE_MODULES = YES;
				CODE_SIGN_STYLE = Automatic;
				COMBINE_HIDPI_IMAGES = YES;
				CURRENT_PROJECT_VERSION = 1;
				DEFINES_MODULE = YES;
				DYLIB_COMPATIBILITY_VERSION = 1;
				DYLIB_CURRENT_VERSION = 1;
				DYLIB_INSTALL_NAME_BASE = "@rpath";
				GENERATE_INFOPLIST_FILE = YES;
				INFOPLIST_KEY_NSHumanReadableCopyright = "";
				INSTALL_PATH = "$(LOCAL_LIBRARY_DIR)/Frameworks";
				LD_RUNPATH_SEARCH_PATHS = (
					"$(inherited)",
					"@executable_path/../Frameworks",
					"@loader_path/Frameworks",
				);
				MACOSX_DEPLOYMENT_TARGET = 12.5;
				MARKETING_VERSION = 1.0;
				PRODUCT_BUNDLE_IDENTIFIER = br.com.Gabriel.Chacon.Bh.Data;
				PRODUCT_NAME = "$(TARGET_NAME:c99extidentifier)";
				SDKROOT = macosx;
				SKIP_INSTALL = YES;
				SWIFT_EMIT_LOC_STRINGS = YES;
				SWIFT_OPTIMIZATION_LEVEL = "-Onone";
				SWIFT_VERSION = 5.0;
				VERSIONING_SYSTEM = "apple-generic";
				VERSION_INFO_PREFIX = "";
			};
			name = Debug;
		};
		08C872662A86AB8E0034E6B6 /* Release */ = {
			isa = XCBuildConfiguration;
			buildSettings = {
				CLANG_ENABLE_MODULES = YES;
				CODE_SIGN_STYLE = Automatic;
				COMBINE_HIDPI_IMAGES = YES;
				CURRENT_PROJECT_VERSION = 1;
				DEFINES_MODULE = YES;
				DYLIB_COMPATIBILITY_VERSION = 1;
				DYLIB_CURRENT_VERSION = 1;
				DYLIB_INSTALL_NAME_BASE = "@rpath";
				GENERATE_INFOPLIST_FILE = YES;
				INFOPLIST_KEY_NSHumanReadableCopyright = "";
				INSTALL_PATH = "$(LOCAL_LIBRARY_DIR)/Frameworks";
				LD_RUNPATH_SEARCH_PATHS = (
					"$(inherited)",
					"@executable_path/../Frameworks",
					"@loader_path/Frameworks",
				);
				MACOSX_DEPLOYMENT_TARGET = 12.5;
				MARKETING_VERSION = 1.0;
				PRODUCT_BUNDLE_IDENTIFIER = br.com.Gabriel.Chacon.Bh.Data;
				PRODUCT_NAME = "$(TARGET_NAME:c99extidentifier)";
				SDKROOT = macosx;
				SKIP_INSTALL = YES;
				SWIFT_EMIT_LOC_STRINGS = YES;
				SWIFT_VERSION = 5.0;
				VERSIONING_SYSTEM = "apple-generic";
				VERSION_INFO_PREFIX = "";
			};
			name = Release;
		};
		08C872682A86AB8E0034E6B6 /* Debug */ = {
			isa = XCBuildConfiguration;
			buildSettings = {
				ALWAYS_EMBED_SWIFT_STANDARD_LIBRARIES = YES;
				CODE_SIGN_STYLE = Automatic;
				CURRENT_PROJECT_VERSION = 1;
				GENERATE_INFOPLIST_FILE = YES;
				MACOSX_DEPLOYMENT_TARGET = 12.5;
				MARKETING_VERSION = 1.0;
				PRODUCT_BUNDLE_IDENTIFIER = br.com.Gabriel.Chacon.Bh.DataTests;
				PRODUCT_NAME = "$(TARGET_NAME)";
				SDKROOT = macosx;
				SWIFT_EMIT_LOC_STRINGS = NO;
				SWIFT_VERSION = 5.0;
			};
			name = Debug;
		};
		08C872692A86AB8E0034E6B6 /* Release */ = {
			isa = XCBuildConfiguration;
			buildSettings = {
				ALWAYS_EMBED_SWIFT_STANDARD_LIBRARIES = YES;
				CODE_SIGN_STYLE = Automatic;
				CURRENT_PROJECT_VERSION = 1;
				GENERATE_INFOPLIST_FILE = YES;
				MACOSX_DEPLOYMENT_TARGET = 12.5;
				MARKETING_VERSION = 1.0;
				PRODUCT_BUNDLE_IDENTIFIER = br.com.Gabriel.Chacon.Bh.DataTests;
				PRODUCT_NAME = "$(TARGET_NAME)";
				SDKROOT = macosx;
				SWIFT_EMIT_LOC_STRINGS = NO;
				SWIFT_VERSION = 5.0;
			};
			name = Release;
		};
/* End XCBuildConfiguration section */

/* Begin XCConfigurationList section */
		08A9266D2A85545E0003E93E /* Build configuration list for PBXProject "RickAndMorty" */ = {
			isa = XCConfigurationList;
			buildConfigurations = (
				08A926842A85545F0003E93E /* Debug */,
				08A926852A85545F0003E93E /* Release */,
			);
			defaultConfigurationIsVisible = 0;
			defaultConfigurationName = Release;
		};
		08A926922A8554F50003E93E /* Build configuration list for PBXNativeTarget "Domain" */ = {
			isa = XCConfigurationList;
			buildConfigurations = (
				08A926932A8554F50003E93E /* Debug */,
				08A926942A8554F50003E93E /* Release */,
			);
			defaultConfigurationIsVisible = 0;
			defaultConfigurationName = Release;
		};
		08C872642A86AB8E0034E6B6 /* Build configuration list for PBXNativeTarget "Data" */ = {
			isa = XCConfigurationList;
			buildConfigurations = (
				08C872652A86AB8E0034E6B6 /* Debug */,
				08C872662A86AB8E0034E6B6 /* Release */,
			);
			defaultConfigurationIsVisible = 0;
			defaultConfigurationName = Release;
		};
		08C872672A86AB8E0034E6B6 /* Build configuration list for PBXNativeTarget "DataTests" */ = {
			isa = XCConfigurationList;
			buildConfigurations = (
				08C872682A86AB8E0034E6B6 /* Debug */,
				08C872692A86AB8E0034E6B6 /* Release */,
			);
			defaultConfigurationIsVisible = 0;
			defaultConfigurationName = Release;
		};
/* End XCConfigurationList section */
	};
	rootObject = 08A9266A2A85545E0003E93E /* Project object */;
}
