// !$*UTF8*$!
{
	archiveVersion = 1;
	classes = {
	};
	objectVersion = 56;
	objects = {

/* Begin PBXBuildFile section */
		08C8724D2A86A1E30034E6B6 /* GetRickAndMortyProtocol.swift in Sources */ = {isa = PBXBuildFile; fileRef = 08C8724C2A86A1E30034E6B6 /* GetRickAndMortyProtocol.swift */; };
		08C8724F2A86AB160034E6B6 /* RickAndMortyModel.swift in Sources */ = {isa = PBXBuildFile; fileRef = 08C8724E2A86AB160034E6B6 /* RickAndMortyModel.swift */; };
		08C8725D2A86AB8E0034E6B6 /* Data.framework in Frameworks */ = {isa = PBXBuildFile; fileRef = 08C872552A86AB8E0034E6B6 /* Data.framework */; };
		08C872622A86AB8E0034E6B6 /* RemoteRickAndMortyTests.swift in Sources */ = {isa = PBXBuildFile; fileRef = 08C872612A86AB8E0034E6B6 /* RemoteRickAndMortyTests.swift */; };
		08C8726A2A86ABD40034E6B6 /* Domain.framework in Frameworks */ = {isa = PBXBuildFile; fileRef = 08A9268E2A8554F50003E93E /* Domain.framework */; };
		08C8726B2A86ABD40034E6B6 /* Domain.framework in Embed Frameworks */ = {isa = PBXBuildFile; fileRef = 08A9268E2A8554F50003E93E /* Domain.framework */; settings = {ATTRIBUTES = (CodeSignOnCopy, RemoveHeadersOnCopy, ); }; };
		08C872702A86BCF00034E6B6 /* RemoteRickAndMorty.swift in Sources */ = {isa = PBXBuildFile; fileRef = 08C8726F2A86BCF00034E6B6 /* RemoteRickAndMorty.swift */; };
		08C872722A86BD8B0034E6B6 /* HttpGetClientProtocol.swift in Sources */ = {isa = PBXBuildFile; fileRef = 08C872712A86BD8B0034E6B6 /* HttpGetClientProtocol.swift */; };
		08C8727A2A86C2AE0034E6B6 /* DomainError.swift in Sources */ = {isa = PBXBuildFile; fileRef = 08C872792A86C2AE0034E6B6 /* DomainError.swift */; };
		08C8727C2A86C6380034E6B6 /* HttpError.swift in Sources */ = {isa = PBXBuildFile; fileRef = 08C8727B2A86C6380034E6B6 /* HttpError.swift */; };
		08C8727E2A86D58E0034E6B6 /* Model.swift in Sources */ = {isa = PBXBuildFile; fileRef = 08C8727D2A86D58E0034E6B6 /* Model.swift */; };
		08C872812A86D89B0034E6B6 /* DataExtension.swift in Sources */ = {isa = PBXBuildFile; fileRef = 08C872802A86D89B0034E6B6 /* DataExtension.swift */; };
		08C872842A86E5290034E6B6 /* TestExtension.swift in Sources */ = {isa = PBXBuildFile; fileRef = 08C872832A86E5290034E6B6 /* TestExtension.swift */; };
		08C872862A86E5710034E6B6 /* TestUtils.swift in Sources */ = {isa = PBXBuildFile; fileRef = 08C872852A86E5710034E6B6 /* TestUtils.swift */; };
		08C872892A86E5C60034E6B6 /* HttpClientSpy.swift in Sources */ = {isa = PBXBuildFile; fileRef = 08C872882A86E5C60034E6B6 /* HttpClientSpy.swift */; };
		08C8728B2A86E6960034E6B6 /* RickAndMortyModelFactory.swift in Sources */ = {isa = PBXBuildFile; fileRef = 08C8728A2A86E6960034E6B6 /* RickAndMortyModelFactory.swift */; };
		08C872992A86EB030034E6B6 /* Infra.framework in Frameworks */ = {isa = PBXBuildFile; fileRef = 08C872912A86EB030034E6B6 /* Infra.framework */; };
		08C8729E2A86EB030034E6B6 /* AlamofireAdapterTests.swift in Sources */ = {isa = PBXBuildFile; fileRef = 08C8729D2A86EB030034E6B6 /* AlamofireAdapterTests.swift */; };
		08C872A62A86EBFF0034E6B6 /* Data.framework in Frameworks */ = {isa = PBXBuildFile; fileRef = 08C872552A86AB8E0034E6B6 /* Data.framework */; };
		08C872A72A86EBFF0034E6B6 /* Data.framework in Embed Frameworks */ = {isa = PBXBuildFile; fileRef = 08C872552A86AB8E0034E6B6 /* Data.framework */; settings = {ATTRIBUTES = (CodeSignOnCopy, RemoveHeadersOnCopy, ); }; };
		08C872AB2A86EC1A0034E6B6 /* TestExtension.swift in Sources */ = {isa = PBXBuildFile; fileRef = 08C872832A86E5290034E6B6 /* TestExtension.swift */; };
		08C872AC2A86EC250034E6B6 /* TestUtils.swift in Sources */ = {isa = PBXBuildFile; fileRef = 08C872852A86E5710034E6B6 /* TestUtils.swift */; };
		08C872AD2A86F1D70034E6B6 /* Pods_Infra.framework in Frameworks */ = {isa = PBXBuildFile; fileRef = E7DF36E4928EF0DF15D3D2C6 /* Pods_Infra.framework */; };
		08C872B32A871F910034E6B6 /* AlamofireAdapter.swift in Sources */ = {isa = PBXBuildFile; fileRef = 08C872B22A871F910034E6B6 /* AlamofireAdapter.swift */; };
		08C872B72A87208F0034E6B6 /* UrlProtocolStub.swift in Sources */ = {isa = PBXBuildFile; fileRef = 08C872B62A87208F0034E6B6 /* UrlProtocolStub.swift */; };
		08CADD022A87BD0F00484486 /* UseCasesIntegrationsTests.swift in Sources */ = {isa = PBXBuildFile; fileRef = 08CADD012A87BD0F00484486 /* UseCasesIntegrationsTests.swift */; };
		08CADD032A87BD0F00484486 /* Infra.framework in Frameworks */ = {isa = PBXBuildFile; fileRef = 08C872912A86EB030034E6B6 /* Infra.framework */; };
		1A65C601DC412C06DF3B4836 /* Pods_UseCasesIntegrationsTests.framework in Frameworks */ = {isa = PBXBuildFile; fileRef = A5995B9CC09A2937EC84E226 /* Pods_UseCasesIntegrationsTests.framework */; };
		5B4799DCF3130EB89874F99E /* Pods_InfraTests.framework in Frameworks */ = {isa = PBXBuildFile; fileRef = ECC7431ECEDF75649B376ADD /* Pods_InfraTests.framework */; };
		B2161AA5348A438E2A3ADCED /* Pods_Infra.framework in Frameworks */ = {isa = PBXBuildFile; fileRef = 08CADD112A87BE4B00484486 /* Pods_Infra.framework */; };
		C191097842F25899D234CDDE /* Pods_InfraTests.framework in Frameworks */ = {isa = PBXBuildFile; fileRef = 08CADD132A87BE4B00484486 /* Pods_InfraTests.framework */; };
/* End PBXBuildFile section */

/* Begin PBXContainerItemProxy section */
		08C8725E2A86AB8E0034E6B6 /* PBXContainerItemProxy */ = {
			isa = PBXContainerItemProxy;
			containerPortal = 08A9266A2A85545E0003E93E /* Project object */;
			proxyType = 1;
			remoteGlobalIDString = 08C872542A86AB8E0034E6B6;
			remoteInfo = Data;
		};
		08C8726C2A86ABD40034E6B6 /* PBXContainerItemProxy */ = {
			isa = PBXContainerItemProxy;
			containerPortal = 08A9266A2A85545E0003E93E /* Project object */;
			proxyType = 1;
			remoteGlobalIDString = 08A9268D2A8554F50003E93E;
			remoteInfo = Domain;
		};
		08C8729A2A86EB030034E6B6 /* PBXContainerItemProxy */ = {
			isa = PBXContainerItemProxy;
			containerPortal = 08A9266A2A85545E0003E93E /* Project object */;
			proxyType = 1;
			remoteGlobalIDString = 08C872902A86EB030034E6B6;
			remoteInfo = Infra;
		};
		08C872A82A86EBFF0034E6B6 /* PBXContainerItemProxy */ = {
			isa = PBXContainerItemProxy;
			containerPortal = 08A9266A2A85545E0003E93E /* Project object */;
			proxyType = 1;
			remoteGlobalIDString = 08C872542A86AB8E0034E6B6;
			remoteInfo = Data;
		};
		08CADD042A87BD0F00484486 /* PBXContainerItemProxy */ = {
			isa = PBXContainerItemProxy;
			containerPortal = 08A9266A2A85545E0003E93E /* Project object */;
			proxyType = 1;
			remoteGlobalIDString = 08C872902A86EB030034E6B6;
			remoteInfo = Infra;
		};
		08CADD092A87BD1D00484486 /* PBXContainerItemProxy */ = {
			isa = PBXContainerItemProxy;
			containerPortal = 08A9266A2A85545E0003E93E /* Project object */;
			proxyType = 1;
			remoteGlobalIDString = 08C872542A86AB8E0034E6B6;
			remoteInfo = Data;
		};
		08CADD0B2A87BD1D00484486 /* PBXContainerItemProxy */ = {
			isa = PBXContainerItemProxy;
			containerPortal = 08A9266A2A85545E0003E93E /* Project object */;
			proxyType = 1;
			remoteGlobalIDString = 08A9268D2A8554F50003E93E;
			remoteInfo = Domain;
		};
/* End PBXContainerItemProxy section */

/* Begin PBXCopyFilesBuildPhase section */
		08C8726E2A86ABD40034E6B6 /* Embed Frameworks */ = {
			isa = PBXCopyFilesBuildPhase;
			buildActionMask = 2147483647;
			dstPath = "";
			dstSubfolderSpec = 10;
			files = (
				08C8726B2A86ABD40034E6B6 /* Domain.framework in Embed Frameworks */,
			);
			name = "Embed Frameworks";
			runOnlyForDeploymentPostprocessing = 0;
		};
		08C872AA2A86EBFF0034E6B6 /* Embed Frameworks */ = {
			isa = PBXCopyFilesBuildPhase;
			buildActionMask = 2147483647;
			dstPath = "";
			dstSubfolderSpec = 10;
			files = (
				08C872A72A86EBFF0034E6B6 /* Data.framework in Embed Frameworks */,
			);
			name = "Embed Frameworks";
			runOnlyForDeploymentPostprocessing = 0;
		};
/* End PBXCopyFilesBuildPhase section */

/* Begin PBXFileReference section */
		00B6E132DD5D8813FEB9D6C6 /* Pods-UseCasesIntegrationsTests.release.xcconfig */ = {isa = PBXFileReference; includeInIndex = 1; lastKnownFileType = text.xcconfig; name = "Pods-UseCasesIntegrationsTests.release.xcconfig"; path = "Target Support Files/Pods-UseCasesIntegrationsTests/Pods-UseCasesIntegrationsTests.release.xcconfig"; sourceTree = "<group>"; };
		08A9268E2A8554F50003E93E /* Domain.framework */ = {isa = PBXFileReference; explicitFileType = wrapper.framework; includeInIndex = 0; path = Domain.framework; sourceTree = BUILT_PRODUCTS_DIR; };
		08C8724C2A86A1E30034E6B6 /* GetRickAndMortyProtocol.swift */ = {isa = PBXFileReference; lastKnownFileType = sourcecode.swift; path = GetRickAndMortyProtocol.swift; sourceTree = "<group>"; };
		08C8724E2A86AB160034E6B6 /* RickAndMortyModel.swift */ = {isa = PBXFileReference; lastKnownFileType = sourcecode.swift; path = RickAndMortyModel.swift; sourceTree = "<group>"; };
		08C872552A86AB8E0034E6B6 /* Data.framework */ = {isa = PBXFileReference; explicitFileType = wrapper.framework; includeInIndex = 0; path = Data.framework; sourceTree = BUILT_PRODUCTS_DIR; };
		08C8725C2A86AB8E0034E6B6 /* DataTests.xctest */ = {isa = PBXFileReference; explicitFileType = wrapper.cfbundle; includeInIndex = 0; path = DataTests.xctest; sourceTree = BUILT_PRODUCTS_DIR; };
		08C872612A86AB8E0034E6B6 /* RemoteRickAndMortyTests.swift */ = {isa = PBXFileReference; lastKnownFileType = sourcecode.swift; path = RemoteRickAndMortyTests.swift; sourceTree = "<group>"; };
		08C8726F2A86BCF00034E6B6 /* RemoteRickAndMorty.swift */ = {isa = PBXFileReference; lastKnownFileType = sourcecode.swift; path = RemoteRickAndMorty.swift; sourceTree = "<group>"; };
		08C872712A86BD8B0034E6B6 /* HttpGetClientProtocol.swift */ = {isa = PBXFileReference; lastKnownFileType = sourcecode.swift; path = HttpGetClientProtocol.swift; sourceTree = "<group>"; };
		08C872792A86C2AE0034E6B6 /* DomainError.swift */ = {isa = PBXFileReference; lastKnownFileType = sourcecode.swift; path = DomainError.swift; sourceTree = "<group>"; };
		08C8727B2A86C6380034E6B6 /* HttpError.swift */ = {isa = PBXFileReference; lastKnownFileType = sourcecode.swift; path = HttpError.swift; sourceTree = "<group>"; };
		08C8727D2A86D58E0034E6B6 /* Model.swift */ = {isa = PBXFileReference; lastKnownFileType = sourcecode.swift; path = Model.swift; sourceTree = "<group>"; };
		08C872802A86D89B0034E6B6 /* DataExtension.swift */ = {isa = PBXFileReference; lastKnownFileType = sourcecode.swift; path = DataExtension.swift; sourceTree = "<group>"; };
		08C872832A86E5290034E6B6 /* TestExtension.swift */ = {isa = PBXFileReference; lastKnownFileType = sourcecode.swift; path = TestExtension.swift; sourceTree = "<group>"; };
		08C872852A86E5710034E6B6 /* TestUtils.swift */ = {isa = PBXFileReference; lastKnownFileType = sourcecode.swift; path = TestUtils.swift; sourceTree = "<group>"; };
		08C872882A86E5C60034E6B6 /* HttpClientSpy.swift */ = {isa = PBXFileReference; lastKnownFileType = sourcecode.swift; path = HttpClientSpy.swift; sourceTree = "<group>"; };
		08C8728A2A86E6960034E6B6 /* RickAndMortyModelFactory.swift */ = {isa = PBXFileReference; lastKnownFileType = sourcecode.swift; path = RickAndMortyModelFactory.swift; sourceTree = "<group>"; };
		08C872912A86EB030034E6B6 /* Infra.framework */ = {isa = PBXFileReference; explicitFileType = wrapper.framework; includeInIndex = 0; path = Infra.framework; sourceTree = BUILT_PRODUCTS_DIR; };
		08C872982A86EB030034E6B6 /* InfraTests.xctest */ = {isa = PBXFileReference; explicitFileType = wrapper.cfbundle; includeInIndex = 0; path = InfraTests.xctest; sourceTree = BUILT_PRODUCTS_DIR; };
		08C8729D2A86EB030034E6B6 /* AlamofireAdapterTests.swift */ = {isa = PBXFileReference; lastKnownFileType = sourcecode.swift; path = AlamofireAdapterTests.swift; sourceTree = "<group>"; };
		08C872AF2A86F1F10034E6B6 /* Alamofire.framework */ = {isa = PBXFileReference; explicitFileType = wrapper.framework; path = Alamofire.framework; sourceTree = BUILT_PRODUCTS_DIR; };
		08C872B22A871F910034E6B6 /* AlamofireAdapter.swift */ = {isa = PBXFileReference; lastKnownFileType = sourcecode.swift; path = AlamofireAdapter.swift; sourceTree = "<group>"; };
		08C872B62A87208F0034E6B6 /* UrlProtocolStub.swift */ = {isa = PBXFileReference; lastKnownFileType = sourcecode.swift; path = UrlProtocolStub.swift; sourceTree = "<group>"; };
		08C872CC2A87287B0034E6B6 /* Alamofire.framework */ = {isa = PBXFileReference; explicitFileType = wrapper.framework; path = Alamofire.framework; sourceTree = BUILT_PRODUCTS_DIR; };
		08CADCFF2A87BD0F00484486 /* UseCasesIntegrationsTests.xctest */ = {isa = PBXFileReference; explicitFileType = wrapper.cfbundle; includeInIndex = 0; path = UseCasesIntegrationsTests.xctest; sourceTree = BUILT_PRODUCTS_DIR; };
		08CADD012A87BD0F00484486 /* UseCasesIntegrationsTests.swift */ = {isa = PBXFileReference; lastKnownFileType = sourcecode.swift; path = UseCasesIntegrationsTests.swift; sourceTree = "<group>"; };
		08CADD0D2A87BE2800484486 /* Alamofire.framework */ = {isa = PBXFileReference; explicitFileType = wrapper.framework; path = Alamofire.framework; sourceTree = BUILT_PRODUCTS_DIR; };
		08CADD112A87BE4B00484486 /* Pods_Infra.framework */ = {isa = PBXFileReference; explicitFileType = wrapper.framework; path = Pods_Infra.framework; sourceTree = BUILT_PRODUCTS_DIR; };
		08CADD132A87BE4B00484486 /* Pods_InfraTests.framework */ = {isa = PBXFileReference; explicitFileType = wrapper.framework; path = Pods_InfraTests.framework; sourceTree = BUILT_PRODUCTS_DIR; };
		7E0B51C9546621C0162FE01D /* Pods-Infra.debug.xcconfig */ = {isa = PBXFileReference; includeInIndex = 1; lastKnownFileType = text.xcconfig; name = "Pods-Infra.debug.xcconfig"; path = "Target Support Files/Pods-Infra/Pods-Infra.debug.xcconfig"; sourceTree = "<group>"; };
		9ED1106120B1C30BADEA8303 /* Pods-UseCasesIntegrationsTests.debug.xcconfig */ = {isa = PBXFileReference; includeInIndex = 1; lastKnownFileType = text.xcconfig; name = "Pods-UseCasesIntegrationsTests.debug.xcconfig"; path = "Target Support Files/Pods-UseCasesIntegrationsTests/Pods-UseCasesIntegrationsTests.debug.xcconfig"; sourceTree = "<group>"; };
		A5995B9CC09A2937EC84E226 /* Pods_UseCasesIntegrationsTests.framework */ = {isa = PBXFileReference; explicitFileType = wrapper.framework; includeInIndex = 0; path = Pods_UseCasesIntegrationsTests.framework; sourceTree = BUILT_PRODUCTS_DIR; };
		D8D4B320BEF0E53CD026696D /* Pods-InfraTests.debug.xcconfig */ = {isa = PBXFileReference; includeInIndex = 1; lastKnownFileType = text.xcconfig; name = "Pods-InfraTests.debug.xcconfig"; path = "Target Support Files/Pods-InfraTests/Pods-InfraTests.debug.xcconfig"; sourceTree = "<group>"; };
		E7DF36E4928EF0DF15D3D2C6 /* Pods_Infra.framework */ = {isa = PBXFileReference; explicitFileType = wrapper.framework; includeInIndex = 0; path = Pods_Infra.framework; sourceTree = BUILT_PRODUCTS_DIR; };
		ECC7431ECEDF75649B376ADD /* Pods_InfraTests.framework */ = {isa = PBXFileReference; explicitFileType = wrapper.framework; includeInIndex = 0; path = Pods_InfraTests.framework; sourceTree = BUILT_PRODUCTS_DIR; };
		ED365CE378B15AC1454D9EA9 /* Pods-InfraTests.release.xcconfig */ = {isa = PBXFileReference; includeInIndex = 1; lastKnownFileType = text.xcconfig; name = "Pods-InfraTests.release.xcconfig"; path = "Target Support Files/Pods-InfraTests/Pods-InfraTests.release.xcconfig"; sourceTree = "<group>"; };
		EDBD8DFBE2326B26BC9D7B2A /* Pods-Infra.release.xcconfig */ = {isa = PBXFileReference; includeInIndex = 1; lastKnownFileType = text.xcconfig; name = "Pods-Infra.release.xcconfig"; path = "Target Support Files/Pods-Infra/Pods-Infra.release.xcconfig"; sourceTree = "<group>"; };
/* End PBXFileReference section */

/* Begin PBXFrameworksBuildPhase section */
		08A9268B2A8554F50003E93E /* Frameworks */ = {
			isa = PBXFrameworksBuildPhase;
			buildActionMask = 2147483647;
			files = (
			);
			runOnlyForDeploymentPostprocessing = 0;
		};
		08C872522A86AB8E0034E6B6 /* Frameworks */ = {
			isa = PBXFrameworksBuildPhase;
			buildActionMask = 2147483647;
			files = (
				08C8726A2A86ABD40034E6B6 /* Domain.framework in Frameworks */,
			);
			runOnlyForDeploymentPostprocessing = 0;
		};
		08C872592A86AB8E0034E6B6 /* Frameworks */ = {
			isa = PBXFrameworksBuildPhase;
			buildActionMask = 2147483647;
			files = (
				08C8725D2A86AB8E0034E6B6 /* Data.framework in Frameworks */,
			);
			runOnlyForDeploymentPostprocessing = 0;
		};
		08C8728E2A86EB030034E6B6 /* Frameworks */ = {
			isa = PBXFrameworksBuildPhase;
			buildActionMask = 2147483647;
			files = (
				08C872A62A86EBFF0034E6B6 /* Data.framework in Frameworks */,
				08C872AD2A86F1D70034E6B6 /* Pods_Infra.framework in Frameworks */,
				B2161AA5348A438E2A3ADCED /* Pods_Infra.framework in Frameworks */,
			);
			runOnlyForDeploymentPostprocessing = 0;
		};
		08C872952A86EB030034E6B6 /* Frameworks */ = {
			isa = PBXFrameworksBuildPhase;
			buildActionMask = 2147483647;
			files = (
				08C872992A86EB030034E6B6 /* Infra.framework in Frameworks */,
				5B4799DCF3130EB89874F99E /* Pods_InfraTests.framework in Frameworks */,
				C191097842F25899D234CDDE /* Pods_InfraTests.framework in Frameworks */,
			);
			runOnlyForDeploymentPostprocessing = 0;
		};
		08CADCFC2A87BD0F00484486 /* Frameworks */ = {
			isa = PBXFrameworksBuildPhase;
			buildActionMask = 2147483647;
			files = (
				08CADD032A87BD0F00484486 /* Infra.framework in Frameworks */,
				1A65C601DC412C06DF3B4836 /* Pods_UseCasesIntegrationsTests.framework in Frameworks */,
			);
			runOnlyForDeploymentPostprocessing = 0;
		};
/* End PBXFrameworksBuildPhase section */

/* Begin PBXGroup section */
		08A926692A85545E0003E93E = {
			isa = PBXGroup;
			children = (
				08A9268F2A8554F50003E93E /* Domain */,
				08C872562A86AB8E0034E6B6 /* Data */,
				08C872602A86AB8E0034E6B6 /* DataTests */,
				08C872922A86EB030034E6B6 /* Infra */,
				08C8729C2A86EB030034E6B6 /* InfraTests */,
				08CADD002A87BD0F00484486 /* UseCasesIntegrationsTests */,
				08A926732A85545E0003E93E /* Products */,
				DD48EB7CAF802AF73905A001 /* Pods */,
				AB551E63675D9255404A3632 /* Frameworks */,
			);
			sourceTree = "<group>";
		};
		08A926732A85545E0003E93E /* Products */ = {
			isa = PBXGroup;
			children = (
				08A9268E2A8554F50003E93E /* Domain.framework */,
				08C872552A86AB8E0034E6B6 /* Data.framework */,
				08C8725C2A86AB8E0034E6B6 /* DataTests.xctest */,
				08C872912A86EB030034E6B6 /* Infra.framework */,
				08C872982A86EB030034E6B6 /* InfraTests.xctest */,
				08CADCFF2A87BD0F00484486 /* UseCasesIntegrationsTests.xctest */,
			);
			name = Products;
			sourceTree = "<group>";
		};
		08A9268F2A8554F50003E93E /* Domain */ = {
			isa = PBXGroup;
			children = (
				08C872732A86BEE60034E6B6 /* UseCases */,
				08C872742A86BEEF0034E6B6 /* Models */,
				08C872782A86C28F0034E6B6 /* Erros */,
			);
			path = Domain;
			sourceTree = "<group>";
		};
		08C872562A86AB8E0034E6B6 /* Data */ = {
			isa = PBXGroup;
			children = (
				08C8727F2A86D87B0034E6B6 /* Helpers */,
				08C872752A86BF100034E6B6 /* UseCases */,
				08C872762A86BF230034E6B6 /* Http */,
			);
			path = Data;
			sourceTree = "<group>";
		};
		08C872602A86AB8E0034E6B6 /* DataTests */ = {
			isa = PBXGroup;
			children = (
				08C872872A86E5B30034E6B6 /* Http */,
				08C872822A86E4FC0034E6B6 /* Helpers */,
				08C872772A86BF340034E6B6 /* UseCases */,
			);
			path = DataTests;
			sourceTree = "<group>";
		};
		08C872732A86BEE60034E6B6 /* UseCases */ = {
			isa = PBXGroup;
			children = (
				08C8724C2A86A1E30034E6B6 /* GetRickAndMortyProtocol.swift */,
			);
			path = UseCases;
			sourceTree = "<group>";
		};
		08C872742A86BEEF0034E6B6 /* Models */ = {
			isa = PBXGroup;
			children = (
				08C8724E2A86AB160034E6B6 /* RickAndMortyModel.swift */,
				08C8727D2A86D58E0034E6B6 /* Model.swift */,
			);
			path = Models;
			sourceTree = "<group>";
		};
		08C872752A86BF100034E6B6 /* UseCases */ = {
			isa = PBXGroup;
			children = (
				08C8726F2A86BCF00034E6B6 /* RemoteRickAndMorty.swift */,
			);
			path = UseCases;
			sourceTree = "<group>";
		};
		08C872762A86BF230034E6B6 /* Http */ = {
			isa = PBXGroup;
			children = (
				08C872712A86BD8B0034E6B6 /* HttpGetClientProtocol.swift */,
			);
			path = Http;
			sourceTree = "<group>";
		};
		08C872772A86BF340034E6B6 /* UseCases */ = {
			isa = PBXGroup;
			children = (
				08C872612A86AB8E0034E6B6 /* RemoteRickAndMortyTests.swift */,
			);
			path = UseCases;
			sourceTree = "<group>";
		};
		08C872782A86C28F0034E6B6 /* Erros */ = {
			isa = PBXGroup;
			children = (
				08C872792A86C2AE0034E6B6 /* DomainError.swift */,
				08C8727B2A86C6380034E6B6 /* HttpError.swift */,
			);
			path = Erros;
			sourceTree = "<group>";
		};
		08C8727F2A86D87B0034E6B6 /* Helpers */ = {
			isa = PBXGroup;
			children = (
				08C872802A86D89B0034E6B6 /* DataExtension.swift */,
			);
			path = Helpers;
			sourceTree = "<group>";
		};
		08C872822A86E4FC0034E6B6 /* Helpers */ = {
			isa = PBXGroup;
			children = (
				08C872832A86E5290034E6B6 /* TestExtension.swift */,
				08C872852A86E5710034E6B6 /* TestUtils.swift */,
				08C8728A2A86E6960034E6B6 /* RickAndMortyModelFactory.swift */,
			);
			path = Helpers;
			sourceTree = "<group>";
		};
		08C872872A86E5B30034E6B6 /* Http */ = {
			isa = PBXGroup;
			children = (
				08C872882A86E5C60034E6B6 /* HttpClientSpy.swift */,
			);
			path = Http;
			sourceTree = "<group>";
		};
		08C872922A86EB030034E6B6 /* Infra */ = {
			isa = PBXGroup;
			children = (
				08C872B42A8720210034E6B6 /* Http */,
			);
			path = Infra;
			sourceTree = "<group>";
		};
		08C8729C2A86EB030034E6B6 /* InfraTests */ = {
			isa = PBXGroup;
			children = (
				08C872B52A87207E0034E6B6 /* Http */,
			);
			path = InfraTests;
			sourceTree = "<group>";
		};
		08C872B42A8720210034E6B6 /* Http */ = {
			isa = PBXGroup;
			children = (
				08C872B22A871F910034E6B6 /* AlamofireAdapter.swift */,
			);
			path = Http;
			sourceTree = "<group>";
		};
		08C872B52A87207E0034E6B6 /* Http */ = {
			isa = PBXGroup;
			children = (
				08C8729D2A86EB030034E6B6 /* AlamofireAdapterTests.swift */,
				08C872B62A87208F0034E6B6 /* UrlProtocolStub.swift */,
			);
			path = Http;
			sourceTree = "<group>";
		};
		08CADD002A87BD0F00484486 /* UseCasesIntegrationsTests */ = {
			isa = PBXGroup;
			children = (
				08CADD012A87BD0F00484486 /* UseCasesIntegrationsTests.swift */,
			);
			path = UseCasesIntegrationsTests;
			sourceTree = "<group>";
		};
		AB551E63675D9255404A3632 /* Frameworks */ = {
			isa = PBXGroup;
			children = (
				08CADD112A87BE4B00484486 /* Pods_Infra.framework */,
				08CADD132A87BE4B00484486 /* Pods_InfraTests.framework */,
				08CADD0D2A87BE2800484486 /* Alamofire.framework */,
				08C872CC2A87287B0034E6B6 /* Alamofire.framework */,
				08C872AF2A86F1F10034E6B6 /* Alamofire.framework */,
				E7DF36E4928EF0DF15D3D2C6 /* Pods_Infra.framework */,
				ECC7431ECEDF75649B376ADD /* Pods_InfraTests.framework */,
				A5995B9CC09A2937EC84E226 /* Pods_UseCasesIntegrationsTests.framework */,
			);
			name = Frameworks;
			sourceTree = "<group>";
		};
		DD48EB7CAF802AF73905A001 /* Pods */ = {
			isa = PBXGroup;
			children = (
				7E0B51C9546621C0162FE01D /* Pods-Infra.debug.xcconfig */,
				EDBD8DFBE2326B26BC9D7B2A /* Pods-Infra.release.xcconfig */,
				D8D4B320BEF0E53CD026696D /* Pods-InfraTests.debug.xcconfig */,
				ED365CE378B15AC1454D9EA9 /* Pods-InfraTests.release.xcconfig */,
				9ED1106120B1C30BADEA8303 /* Pods-UseCasesIntegrationsTests.debug.xcconfig */,
				00B6E132DD5D8813FEB9D6C6 /* Pods-UseCasesIntegrationsTests.release.xcconfig */,
			);
			path = Pods;
			sourceTree = "<group>";
		};
/* End PBXGroup section */

/* Begin PBXHeadersBuildPhase section */
		08A926892A8554F50003E93E /* Headers */ = {
			isa = PBXHeadersBuildPhase;
			buildActionMask = 2147483647;
			files = (
			);
			runOnlyForDeploymentPostprocessing = 0;
		};
		08C872502A86AB8E0034E6B6 /* Headers */ = {
			isa = PBXHeadersBuildPhase;
			buildActionMask = 2147483647;
			files = (
			);
			runOnlyForDeploymentPostprocessing = 0;
		};
		08C8728C2A86EB030034E6B6 /* Headers */ = {
			isa = PBXHeadersBuildPhase;
			buildActionMask = 2147483647;
			files = (
			);
			runOnlyForDeploymentPostprocessing = 0;
		};
/* End PBXHeadersBuildPhase section */

/* Begin PBXNativeTarget section */
		08A9268D2A8554F50003E93E /* Domain */ = {
			isa = PBXNativeTarget;
			buildConfigurationList = 08A926922A8554F50003E93E /* Build configuration list for PBXNativeTarget "Domain" */;
			buildPhases = (
				08A926892A8554F50003E93E /* Headers */,
				08A9268A2A8554F50003E93E /* Sources */,
				08A9268B2A8554F50003E93E /* Frameworks */,
				08A9268C2A8554F50003E93E /* Resources */,
			);
			buildRules = (
			);
			dependencies = (
			);
			name = Domain;
			productName = Domain;
			productReference = 08A9268E2A8554F50003E93E /* Domain.framework */;
			productType = "com.apple.product-type.framework";
		};
		08C872542A86AB8E0034E6B6 /* Data */ = {
			isa = PBXNativeTarget;
			buildConfigurationList = 08C872642A86AB8E0034E6B6 /* Build configuration list for PBXNativeTarget "Data" */;
			buildPhases = (
				08C872502A86AB8E0034E6B6 /* Headers */,
				08C872512A86AB8E0034E6B6 /* Sources */,
				08C872522A86AB8E0034E6B6 /* Frameworks */,
				08C872532A86AB8E0034E6B6 /* Resources */,
				08C8726E2A86ABD40034E6B6 /* Embed Frameworks */,
			);
			buildRules = (
			);
			dependencies = (
				08C8726D2A86ABD40034E6B6 /* PBXTargetDependency */,
			);
			name = Data;
			productName = Data;
			productReference = 08C872552A86AB8E0034E6B6 /* Data.framework */;
			productType = "com.apple.product-type.framework";
		};
		08C8725B2A86AB8E0034E6B6 /* DataTests */ = {
			isa = PBXNativeTarget;
			buildConfigurationList = 08C872672A86AB8E0034E6B6 /* Build configuration list for PBXNativeTarget "DataTests" */;
			buildPhases = (
				08C872582A86AB8E0034E6B6 /* Sources */,
				08C872592A86AB8E0034E6B6 /* Frameworks */,
				08C8725A2A86AB8E0034E6B6 /* Resources */,
			);
			buildRules = (
			);
			dependencies = (
				08C8725F2A86AB8E0034E6B6 /* PBXTargetDependency */,
			);
			name = DataTests;
			productName = DataTests;
			productReference = 08C8725C2A86AB8E0034E6B6 /* DataTests.xctest */;
			productType = "com.apple.product-type.bundle.unit-test";
		};
		08C872902A86EB030034E6B6 /* Infra */ = {
			isa = PBXNativeTarget;
			buildConfigurationList = 08C872A42A86EB030034E6B6 /* Build configuration list for PBXNativeTarget "Infra" */;
			buildPhases = (
				640318BCBCE621602C487ED0 /* [CP] Check Pods Manifest.lock */,
				08C8728C2A86EB030034E6B6 /* Headers */,
				08C8728D2A86EB030034E6B6 /* Sources */,
				08C8728E2A86EB030034E6B6 /* Frameworks */,
				08C8728F2A86EB030034E6B6 /* Resources */,
				08C872AA2A86EBFF0034E6B6 /* Embed Frameworks */,
			);
			buildRules = (
			);
			dependencies = (
				08C872A92A86EBFF0034E6B6 /* PBXTargetDependency */,
			);
			name = Infra;
			productName = Infra;
			productReference = 08C872912A86EB030034E6B6 /* Infra.framework */;
			productType = "com.apple.product-type.framework";
		};
		08C872972A86EB030034E6B6 /* InfraTests */ = {
			isa = PBXNativeTarget;
			buildConfigurationList = 08C872A52A86EB030034E6B6 /* Build configuration list for PBXNativeTarget "InfraTests" */;
			buildPhases = (
				EE9121E63E2B8F2CC32AAE11 /* [CP] Check Pods Manifest.lock */,
				08C872942A86EB030034E6B6 /* Sources */,
				08C872952A86EB030034E6B6 /* Frameworks */,
				08C872962A86EB030034E6B6 /* Resources */,
				B8ABF05202442E4AAC049BB2 /* [CP] Embed Pods Frameworks */,
			);
			buildRules = (
			);
			dependencies = (
				08C8729B2A86EB030034E6B6 /* PBXTargetDependency */,
			);
			name = InfraTests;
			productName = InfraTests;
			productReference = 08C872982A86EB030034E6B6 /* InfraTests.xctest */;
			productType = "com.apple.product-type.bundle.unit-test";
		};
		08CADCFE2A87BD0F00484486 /* UseCasesIntegrationsTests */ = {
			isa = PBXNativeTarget;
			buildConfigurationList = 08CADD062A87BD0F00484486 /* Build configuration list for PBXNativeTarget "UseCasesIntegrationsTests" */;
			buildPhases = (
				094B237EAD7DAEDE73E03343 /* [CP] Check Pods Manifest.lock */,
				08CADCFB2A87BD0F00484486 /* Sources */,
				08CADCFC2A87BD0F00484486 /* Frameworks */,
				08CADCFD2A87BD0F00484486 /* Resources */,
				78878C22DCCBC165A1DDC93F /* [CP] Embed Pods Frameworks */,
			);
			buildRules = (
			);
			dependencies = (
				08CADD0A2A87BD1D00484486 /* PBXTargetDependency */,
				08CADD0C2A87BD1D00484486 /* PBXTargetDependency */,
				08CADD052A87BD0F00484486 /* PBXTargetDependency */,
			);
			name = UseCasesIntegrationsTests;
			productName = UseCasesIntegrationsTests;
			productReference = 08CADCFF2A87BD0F00484486 /* UseCasesIntegrationsTests.xctest */;
			productType = "com.apple.product-type.bundle.unit-test";
		};
/* End PBXNativeTarget section */

/* Begin PBXProject section */
		08A9266A2A85545E0003E93E /* Project object */ = {
			isa = PBXProject;
			attributes = {
				BuildIndependentTargetsInParallel = 1;
				LastSwiftUpdateCheck = 1420;
				LastUpgradeCheck = 1420;
				TargetAttributes = {
					08A9268D2A8554F50003E93E = {
						CreatedOnToolsVersion = 14.2;
						LastSwiftMigration = 1420;
					};
					08C872542A86AB8E0034E6B6 = {
						CreatedOnToolsVersion = 14.2;
						LastSwiftMigration = 1420;
					};
					08C8725B2A86AB8E0034E6B6 = {
						CreatedOnToolsVersion = 14.2;
					};
					08C872902A86EB030034E6B6 = {
						CreatedOnToolsVersion = 14.2;
						LastSwiftMigration = 1420;
					};
					08C872972A86EB030034E6B6 = {
						CreatedOnToolsVersion = 14.2;
					};
					08CADCFE2A87BD0F00484486 = {
						CreatedOnToolsVersion = 14.2;
					};
				};
			};
			buildConfigurationList = 08A9266D2A85545E0003E93E /* Build configuration list for PBXProject "RickAndMorty" */;
			compatibilityVersion = "Xcode 14.0";
			developmentRegion = en;
			hasScannedForEncodings = 0;
			knownRegions = (
				en,
				Base,
			);
			mainGroup = 08A926692A85545E0003E93E;
			productRefGroup = 08A926732A85545E0003E93E /* Products */;
			projectDirPath = "";
			projectRoot = "";
			targets = (
				08A9268D2A8554F50003E93E /* Domain */,
				08C872542A86AB8E0034E6B6 /* Data */,
				08C8725B2A86AB8E0034E6B6 /* DataTests */,
				08C872902A86EB030034E6B6 /* Infra */,
				08C872972A86EB030034E6B6 /* InfraTests */,
				08CADCFE2A87BD0F00484486 /* UseCasesIntegrationsTests */,
			);
		};
/* End PBXProject section */

/* Begin PBXResourcesBuildPhase section */
		08A9268C2A8554F50003E93E /* Resources */ = {
			isa = PBXResourcesBuildPhase;
			buildActionMask = 2147483647;
			files = (
			);
			runOnlyForDeploymentPostprocessing = 0;
		};
		08C872532A86AB8E0034E6B6 /* Resources */ = {
			isa = PBXResourcesBuildPhase;
			buildActionMask = 2147483647;
			files = (
			);
			runOnlyForDeploymentPostprocessing = 0;
		};
		08C8725A2A86AB8E0034E6B6 /* Resources */ = {
			isa = PBXResourcesBuildPhase;
			buildActionMask = 2147483647;
			files = (
			);
			runOnlyForDeploymentPostprocessing = 0;
		};
		08C8728F2A86EB030034E6B6 /* Resources */ = {
			isa = PBXResourcesBuildPhase;
			buildActionMask = 2147483647;
			files = (
			);
			runOnlyForDeploymentPostprocessing = 0;
		};
		08C872962A86EB030034E6B6 /* Resources */ = {
			isa = PBXResourcesBuildPhase;
			buildActionMask = 2147483647;
			files = (
			);
			runOnlyForDeploymentPostprocessing = 0;
		};
		08CADCFD2A87BD0F00484486 /* Resources */ = {
			isa = PBXResourcesBuildPhase;
			buildActionMask = 2147483647;
			files = (
			);
			runOnlyForDeploymentPostprocessing = 0;
		};
/* End PBXResourcesBuildPhase section */

/* Begin PBXShellScriptBuildPhase section */
		094B237EAD7DAEDE73E03343 /* [CP] Check Pods Manifest.lock */ = {
			isa = PBXShellScriptBuildPhase;
			buildActionMask = 2147483647;
			files = (
			);
			inputFileListPaths = (
			);
			inputPaths = (
				"${PODS_PODFILE_DIR_PATH}/Podfile.lock",
				"${PODS_ROOT}/Manifest.lock",
			);
			name = "[CP] Check Pods Manifest.lock";
			outputFileListPaths = (
			);
			outputPaths = (
				"$(DERIVED_FILE_DIR)/Pods-UseCasesIntegrationsTests-checkManifestLockResult.txt",
			);
			runOnlyForDeploymentPostprocessing = 0;
			shellPath = /bin/sh;
			shellScript = "diff \"${PODS_PODFILE_DIR_PATH}/Podfile.lock\" \"${PODS_ROOT}/Manifest.lock\" > /dev/null\nif [ $? != 0 ] ; then\n    # print error to STDERR\n    echo \"error: The sandbox is not in sync with the Podfile.lock. Run 'pod install' or update your CocoaPods installation.\" >&2\n    exit 1\nfi\n# This output is used by Xcode 'outputs' to avoid re-running this script phase.\necho \"SUCCESS\" > \"${SCRIPT_OUTPUT_FILE_0}\"\n";
			showEnvVarsInLog = 0;
		};
		640318BCBCE621602C487ED0 /* [CP] Check Pods Manifest.lock */ = {
			isa = PBXShellScriptBuildPhase;
			buildActionMask = 2147483647;
			files = (
			);
			inputFileListPaths = (
			);
			inputPaths = (
				"${PODS_PODFILE_DIR_PATH}/Podfile.lock",
				"${PODS_ROOT}/Manifest.lock",
			);
			name = "[CP] Check Pods Manifest.lock";
			outputFileListPaths = (
			);
			outputPaths = (
				"$(DERIVED_FILE_DIR)/Pods-Infra-checkManifestLockResult.txt",
			);
			runOnlyForDeploymentPostprocessing = 0;
			shellPath = /bin/sh;
			shellScript = "diff \"${PODS_PODFILE_DIR_PATH}/Podfile.lock\" \"${PODS_ROOT}/Manifest.lock\" > /dev/null\nif [ $? != 0 ] ; then\n    # print error to STDERR\n    echo \"error: The sandbox is not in sync with the Podfile.lock. Run 'pod install' or update your CocoaPods installation.\" >&2\n    exit 1\nfi\n# This output is used by Xcode 'outputs' to avoid re-running this script phase.\necho \"SUCCESS\" > \"${SCRIPT_OUTPUT_FILE_0}\"\n";
			showEnvVarsInLog = 0;
		};
		78878C22DCCBC165A1DDC93F /* [CP] Embed Pods Frameworks */ = {
			isa = PBXShellScriptBuildPhase;
			buildActionMask = 2147483647;
			files = (
			);
			inputFileListPaths = (
				"${PODS_ROOT}/Target Support Files/Pods-UseCasesIntegrationsTests/Pods-UseCasesIntegrationsTests-frameworks-${CONFIGURATION}-input-files.xcfilelist",
			);
			name = "[CP] Embed Pods Frameworks";
			outputFileListPaths = (
				"${PODS_ROOT}/Target Support Files/Pods-UseCasesIntegrationsTests/Pods-UseCasesIntegrationsTests-frameworks-${CONFIGURATION}-output-files.xcfilelist",
			);
			runOnlyForDeploymentPostprocessing = 0;
			shellPath = /bin/sh;
			shellScript = "\"${PODS_ROOT}/Target Support Files/Pods-UseCasesIntegrationsTests/Pods-UseCasesIntegrationsTests-frameworks.sh\"\n";
			showEnvVarsInLog = 0;
		};
		B8ABF05202442E4AAC049BB2 /* [CP] Embed Pods Frameworks */ = {
			isa = PBXShellScriptBuildPhase;
			buildActionMask = 2147483647;
			files = (
			);
			inputFileListPaths = (
				"${PODS_ROOT}/Target Support Files/Pods-InfraTests/Pods-InfraTests-frameworks-${CONFIGURATION}-input-files.xcfilelist",
			);
			name = "[CP] Embed Pods Frameworks";
			outputFileListPaths = (
				"${PODS_ROOT}/Target Support Files/Pods-InfraTests/Pods-InfraTests-frameworks-${CONFIGURATION}-output-files.xcfilelist",
			);
			runOnlyForDeploymentPostprocessing = 0;
			shellPath = /bin/sh;
			shellScript = "\"${PODS_ROOT}/Target Support Files/Pods-InfraTests/Pods-InfraTests-frameworks.sh\"\n";
			showEnvVarsInLog = 0;
		};
		EE9121E63E2B8F2CC32AAE11 /* [CP] Check Pods Manifest.lock */ = {
			isa = PBXShellScriptBuildPhase;
			buildActionMask = 2147483647;
			files = (
			);
			inputFileListPaths = (
			);
			inputPaths = (
				"${PODS_PODFILE_DIR_PATH}/Podfile.lock",
				"${PODS_ROOT}/Manifest.lock",
			);
			name = "[CP] Check Pods Manifest.lock";
			outputFileListPaths = (
			);
			outputPaths = (
				"$(DERIVED_FILE_DIR)/Pods-InfraTests-checkManifestLockResult.txt",
			);
			runOnlyForDeploymentPostprocessing = 0;
			shellPath = /bin/sh;
			shellScript = "diff \"${PODS_PODFILE_DIR_PATH}/Podfile.lock\" \"${PODS_ROOT}/Manifest.lock\" > /dev/null\nif [ $? != 0 ] ; then\n    # print error to STDERR\n    echo \"error: The sandbox is not in sync with the Podfile.lock. Run 'pod install' or update your CocoaPods installation.\" >&2\n    exit 1\nfi\n# This output is used by Xcode 'outputs' to avoid re-running this script phase.\necho \"SUCCESS\" > \"${SCRIPT_OUTPUT_FILE_0}\"\n";
			showEnvVarsInLog = 0;
		};
/* End PBXShellScriptBuildPhase section */

/* Begin PBXSourcesBuildPhase section */
		08A9268A2A8554F50003E93E /* Sources */ = {
			isa = PBXSourcesBuildPhase;
			buildActionMask = 2147483647;
			files = (
				08C8727E2A86D58E0034E6B6 /* Model.swift in Sources */,
				08C8727C2A86C6380034E6B6 /* HttpError.swift in Sources */,
				08C8724F2A86AB160034E6B6 /* RickAndMortyModel.swift in Sources */,
				08C8727A2A86C2AE0034E6B6 /* DomainError.swift in Sources */,
				08C8724D2A86A1E30034E6B6 /* GetRickAndMortyProtocol.swift in Sources */,
			);
			runOnlyForDeploymentPostprocessing = 0;
		};
		08C872512A86AB8E0034E6B6 /* Sources */ = {
			isa = PBXSourcesBuildPhase;
			buildActionMask = 2147483647;
			files = (
				08C872702A86BCF00034E6B6 /* RemoteRickAndMorty.swift in Sources */,
				08C872812A86D89B0034E6B6 /* DataExtension.swift in Sources */,
				08C872722A86BD8B0034E6B6 /* HttpGetClientProtocol.swift in Sources */,
			);
			runOnlyForDeploymentPostprocessing = 0;
		};
		08C872582A86AB8E0034E6B6 /* Sources */ = {
			isa = PBXSourcesBuildPhase;
			buildActionMask = 2147483647;
			files = (
				08C872622A86AB8E0034E6B6 /* RemoteRickAndMortyTests.swift in Sources */,
				08C872892A86E5C60034E6B6 /* HttpClientSpy.swift in Sources */,
				08C872862A86E5710034E6B6 /* TestUtils.swift in Sources */,
				08C8728B2A86E6960034E6B6 /* RickAndMortyModelFactory.swift in Sources */,
				08C872842A86E5290034E6B6 /* TestExtension.swift in Sources */,
			);
			runOnlyForDeploymentPostprocessing = 0;
		};
		08C8728D2A86EB030034E6B6 /* Sources */ = {
			isa = PBXSourcesBuildPhase;
			buildActionMask = 2147483647;
			files = (
				08C872B32A871F910034E6B6 /* AlamofireAdapter.swift in Sources */,
			);
			runOnlyForDeploymentPostprocessing = 0;
		};
		08C872942A86EB030034E6B6 /* Sources */ = {
			isa = PBXSourcesBuildPhase;
			buildActionMask = 2147483647;
			files = (
				08C8729E2A86EB030034E6B6 /* AlamofireAdapterTests.swift in Sources */,
				08C872AC2A86EC250034E6B6 /* TestUtils.swift in Sources */,
				08C872AB2A86EC1A0034E6B6 /* TestExtension.swift in Sources */,
				08C872B72A87208F0034E6B6 /* UrlProtocolStub.swift in Sources */,
			);
			runOnlyForDeploymentPostprocessing = 0;
		};
		08CADCFB2A87BD0F00484486 /* Sources */ = {
			isa = PBXSourcesBuildPhase;
			buildActionMask = 2147483647;
			files = (
				08CADD022A87BD0F00484486 /* UseCasesIntegrationsTests.swift in Sources */,
			);
			runOnlyForDeploymentPostprocessing = 0;
		};
/* End PBXSourcesBuildPhase section */

/* Begin PBXTargetDependency section */
		08C8725F2A86AB8E0034E6B6 /* PBXTargetDependency */ = {
			isa = PBXTargetDependency;
			target = 08C872542A86AB8E0034E6B6 /* Data */;
			targetProxy = 08C8725E2A86AB8E0034E6B6 /* PBXContainerItemProxy */;
		};
		08C8726D2A86ABD40034E6B6 /* PBXTargetDependency */ = {
			isa = PBXTargetDependency;
			target = 08A9268D2A8554F50003E93E /* Domain */;
			targetProxy = 08C8726C2A86ABD40034E6B6 /* PBXContainerItemProxy */;
		};
		08C8729B2A86EB030034E6B6 /* PBXTargetDependency */ = {
			isa = PBXTargetDependency;
			target = 08C872902A86EB030034E6B6 /* Infra */;
			targetProxy = 08C8729A2A86EB030034E6B6 /* PBXContainerItemProxy */;
		};
		08C872A92A86EBFF0034E6B6 /* PBXTargetDependency */ = {
			isa = PBXTargetDependency;
			target = 08C872542A86AB8E0034E6B6 /* Data */;
			targetProxy = 08C872A82A86EBFF0034E6B6 /* PBXContainerItemProxy */;
		};
		08CADD052A87BD0F00484486 /* PBXTargetDependency */ = {
			isa = PBXTargetDependency;
			target = 08C872902A86EB030034E6B6 /* Infra */;
			targetProxy = 08CADD042A87BD0F00484486 /* PBXContainerItemProxy */;
		};
		08CADD0A2A87BD1D00484486 /* PBXTargetDependency */ = {
			isa = PBXTargetDependency;
			target = 08C872542A86AB8E0034E6B6 /* Data */;
			targetProxy = 08CADD092A87BD1D00484486 /* PBXContainerItemProxy */;
		};
		08CADD0C2A87BD1D00484486 /* PBXTargetDependency */ = {
			isa = PBXTargetDependency;
			target = 08A9268D2A8554F50003E93E /* Domain */;
			targetProxy = 08CADD0B2A87BD1D00484486 /* PBXContainerItemProxy */;
		};
/* End PBXTargetDependency section */

/* Begin XCBuildConfiguration section */
		08A926842A85545F0003E93E /* Debug */ = {
			isa = XCBuildConfiguration;
			buildSettings = {
				ALWAYS_SEARCH_USER_PATHS = NO;
				CLANG_ANALYZER_NONNULL = YES;
				CLANG_ANALYZER_NUMBER_OBJECT_CONVERSION = YES_AGGRESSIVE;
				CLANG_CXX_LANGUAGE_STANDARD = "gnu++20";
				CLANG_ENABLE_MODULES = YES;
				CLANG_ENABLE_OBJC_ARC = YES;
				CLANG_ENABLE_OBJC_WEAK = YES;
				CLANG_WARN_BLOCK_CAPTURE_AUTORELEASING = YES;
				CLANG_WARN_BOOL_CONVERSION = YES;
				CLANG_WARN_COMMA = YES;
				CLANG_WARN_CONSTANT_CONVERSION = YES;
				CLANG_WARN_DEPRECATED_OBJC_IMPLEMENTATIONS = YES;
				CLANG_WARN_DIRECT_OBJC_ISA_USAGE = YES_ERROR;
				CLANG_WARN_DOCUMENTATION_COMMENTS = YES;
				CLANG_WARN_EMPTY_BODY = YES;
				CLANG_WARN_ENUM_CONVERSION = YES;
				CLANG_WARN_INFINITE_RECURSION = YES;
				CLANG_WARN_INT_CONVERSION = YES;
				CLANG_WARN_NON_LITERAL_NULL_CONVERSION = YES;
				CLANG_WARN_OBJC_IMPLICIT_RETAIN_SELF = YES;
				CLANG_WARN_OBJC_LITERAL_CONVERSION = YES;
				CLANG_WARN_OBJC_ROOT_CLASS = YES_ERROR;
				CLANG_WARN_QUOTED_INCLUDE_IN_FRAMEWORK_HEADER = YES;
				CLANG_WARN_RANGE_LOOP_ANALYSIS = YES;
				CLANG_WARN_STRICT_PROTOTYPES = YES;
				CLANG_WARN_SUSPICIOUS_MOVE = YES;
				CLANG_WARN_UNGUARDED_AVAILABILITY = YES_AGGRESSIVE;
				CLANG_WARN_UNREACHABLE_CODE = YES;
				CLANG_WARN__DUPLICATE_METHOD_MATCH = YES;
				COPY_PHASE_STRIP = NO;
				DEBUG_INFORMATION_FORMAT = dwarf;
				ENABLE_STRICT_OBJC_MSGSEND = YES;
				ENABLE_TESTABILITY = YES;
				GCC_C_LANGUAGE_STANDARD = gnu11;
				GCC_DYNAMIC_NO_PIC = NO;
				GCC_NO_COMMON_BLOCKS = YES;
				GCC_OPTIMIZATION_LEVEL = 0;
				GCC_PREPROCESSOR_DEFINITIONS = (
					"DEBUG=1",
					"$(inherited)",
				);
				GCC_WARN_64_TO_32_BIT_CONVERSION = YES;
				GCC_WARN_ABOUT_RETURN_TYPE = YES_ERROR;
				GCC_WARN_UNDECLARED_SELECTOR = YES;
				GCC_WARN_UNINITIALIZED_AUTOS = YES_AGGRESSIVE;
				GCC_WARN_UNUSED_FUNCTION = YES;
				GCC_WARN_UNUSED_VARIABLE = YES;
				IPHONEOS_DEPLOYMENT_TARGET = 16.2;
				MTL_ENABLE_DEBUG_INFO = INCLUDE_SOURCE;
				MTL_FAST_MATH = YES;
				ONLY_ACTIVE_ARCH = YES;
				SDKROOT = iphoneos;
				SWIFT_ACTIVE_COMPILATION_CONDITIONS = DEBUG;
				SWIFT_OPTIMIZATION_LEVEL = "-Onone";
			};
			name = Debug;
		};
		08A926852A85545F0003E93E /* Release */ = {
			isa = XCBuildConfiguration;
			buildSettings = {
				ALWAYS_SEARCH_USER_PATHS = NO;
				CLANG_ANALYZER_NONNULL = YES;
				CLANG_ANALYZER_NUMBER_OBJECT_CONVERSION = YES_AGGRESSIVE;
				CLANG_CXX_LANGUAGE_STANDARD = "gnu++20";
				CLANG_ENABLE_MODULES = YES;
				CLANG_ENABLE_OBJC_ARC = YES;
				CLANG_ENABLE_OBJC_WEAK = YES;
				CLANG_WARN_BLOCK_CAPTURE_AUTORELEASING = YES;
				CLANG_WARN_BOOL_CONVERSION = YES;
				CLANG_WARN_COMMA = YES;
				CLANG_WARN_CONSTANT_CONVERSION = YES;
				CLANG_WARN_DEPRECATED_OBJC_IMPLEMENTATIONS = YES;
				CLANG_WARN_DIRECT_OBJC_ISA_USAGE = YES_ERROR;
				CLANG_WARN_DOCUMENTATION_COMMENTS = YES;
				CLANG_WARN_EMPTY_BODY = YES;
				CLANG_WARN_ENUM_CONVERSION = YES;
				CLANG_WARN_INFINITE_RECURSION = YES;
				CLANG_WARN_INT_CONVERSION = YES;
				CLANG_WARN_NON_LITERAL_NULL_CONVERSION = YES;
				CLANG_WARN_OBJC_IMPLICIT_RETAIN_SELF = YES;
				CLANG_WARN_OBJC_LITERAL_CONVERSION = YES;
				CLANG_WARN_OBJC_ROOT_CLASS = YES_ERROR;
				CLANG_WARN_QUOTED_INCLUDE_IN_FRAMEWORK_HEADER = YES;
				CLANG_WARN_RANGE_LOOP_ANALYSIS = YES;
				CLANG_WARN_STRICT_PROTOTYPES = YES;
				CLANG_WARN_SUSPICIOUS_MOVE = YES;
				CLANG_WARN_UNGUARDED_AVAILABILITY = YES_AGGRESSIVE;
				CLANG_WARN_UNREACHABLE_CODE = YES;
				CLANG_WARN__DUPLICATE_METHOD_MATCH = YES;
				COPY_PHASE_STRIP = NO;
				DEBUG_INFORMATION_FORMAT = "dwarf-with-dsym";
				ENABLE_NS_ASSERTIONS = NO;
				ENABLE_STRICT_OBJC_MSGSEND = YES;
				GCC_C_LANGUAGE_STANDARD = gnu11;
				GCC_NO_COMMON_BLOCKS = YES;
				GCC_WARN_64_TO_32_BIT_CONVERSION = YES;
				GCC_WARN_ABOUT_RETURN_TYPE = YES_ERROR;
				GCC_WARN_UNDECLARED_SELECTOR = YES;
				GCC_WARN_UNINITIALIZED_AUTOS = YES_AGGRESSIVE;
				GCC_WARN_UNUSED_FUNCTION = YES;
				GCC_WARN_UNUSED_VARIABLE = YES;
				IPHONEOS_DEPLOYMENT_TARGET = 16.2;
				MTL_ENABLE_DEBUG_INFO = NO;
				MTL_FAST_MATH = YES;
				SDKROOT = iphoneos;
				SWIFT_COMPILATION_MODE = wholemodule;
				SWIFT_OPTIMIZATION_LEVEL = "-O";
				VALIDATE_PRODUCT = YES;
			};
			name = Release;
		};
		08A926932A8554F50003E93E /* Debug */ = {
			isa = XCBuildConfiguration;
			buildSettings = {
				CLANG_ENABLE_MODULES = YES;
				CODE_SIGN_STYLE = Automatic;
				COMBINE_HIDPI_IMAGES = YES;
				CURRENT_PROJECT_VERSION = 1;
				DEFINES_MODULE = YES;
				DYLIB_COMPATIBILITY_VERSION = 1;
				DYLIB_CURRENT_VERSION = 1;
				DYLIB_INSTALL_NAME_BASE = "@rpath";
				GENERATE_INFOPLIST_FILE = YES;
				INFOPLIST_KEY_NSHumanReadableCopyright = "";
				INSTALL_PATH = "$(LOCAL_LIBRARY_DIR)/Frameworks";
				LD_RUNPATH_SEARCH_PATHS = (
					"$(inherited)",
					"@executable_path/../Frameworks",
					"@loader_path/Frameworks",
				);
				MACOSX_DEPLOYMENT_TARGET = 12.5;
				MARKETING_VERSION = 1.0;
				PRODUCT_BUNDLE_IDENTIFIER = br.com.Gabriel.Chacon.Bh.Domain;
				PRODUCT_NAME = "$(TARGET_NAME:c99extidentifier)";
				SDKROOT = macosx;
				SKIP_INSTALL = YES;
				SWIFT_EMIT_LOC_STRINGS = YES;
				SWIFT_OPTIMIZATION_LEVEL = "-Onone";
				SWIFT_VERSION = 5.0;
				VERSIONING_SYSTEM = "apple-generic";
				VERSION_INFO_PREFIX = "";
			};
			name = Debug;
		};
		08A926942A8554F50003E93E /* Release */ = {
			isa = XCBuildConfiguration;
			buildSettings = {
				CLANG_ENABLE_MODULES = YES;
				CODE_SIGN_STYLE = Automatic;
				COMBINE_HIDPI_IMAGES = YES;
				CURRENT_PROJECT_VERSION = 1;
				DEFINES_MODULE = YES;
				DYLIB_COMPATIBILITY_VERSION = 1;
				DYLIB_CURRENT_VERSION = 1;
				DYLIB_INSTALL_NAME_BASE = "@rpath";
				GENERATE_INFOPLIST_FILE = YES;
				INFOPLIST_KEY_NSHumanReadableCopyright = "";
				INSTALL_PATH = "$(LOCAL_LIBRARY_DIR)/Frameworks";
				LD_RUNPATH_SEARCH_PATHS = (
					"$(inherited)",
					"@executable_path/../Frameworks",
					"@loader_path/Frameworks",
				);
				MACOSX_DEPLOYMENT_TARGET = 12.5;
				MARKETING_VERSION = 1.0;
				PRODUCT_BUNDLE_IDENTIFIER = br.com.Gabriel.Chacon.Bh.Domain;
				PRODUCT_NAME = "$(TARGET_NAME:c99extidentifier)";
				SDKROOT = macosx;
				SKIP_INSTALL = YES;
				SWIFT_EMIT_LOC_STRINGS = YES;
				SWIFT_VERSION = 5.0;
				VERSIONING_SYSTEM = "apple-generic";
				VERSION_INFO_PREFIX = "";
			};
			name = Release;
		};
		08C872652A86AB8E0034E6B6 /* Debug */ = {
			isa = XCBuildConfiguration;
			buildSettings = {
				CLANG_ENABLE_MODULES = YES;
				CODE_SIGN_STYLE = Automatic;
				COMBINE_HIDPI_IMAGES = YES;
				CURRENT_PROJECT_VERSION = 1;
				DEFINES_MODULE = YES;
				DYLIB_COMPATIBILITY_VERSION = 1;
				DYLIB_CURRENT_VERSION = 1;
				DYLIB_INSTALL_NAME_BASE = "@rpath";
				GENERATE_INFOPLIST_FILE = YES;
				INFOPLIST_KEY_NSHumanReadableCopyright = "";
				INSTALL_PATH = "$(LOCAL_LIBRARY_DIR)/Frameworks";
				LD_RUNPATH_SEARCH_PATHS = (
					"$(inherited)",
					"@executable_path/../Frameworks",
					"@loader_path/Frameworks",
				);
				MACOSX_DEPLOYMENT_TARGET = 12.5;
				MARKETING_VERSION = 1.0;
				PRODUCT_BUNDLE_IDENTIFIER = br.com.Gabriel.Chacon.Bh.Data;
				PRODUCT_NAME = "$(TARGET_NAME:c99extidentifier)";
				SDKROOT = macosx;
				SKIP_INSTALL = YES;
				SWIFT_EMIT_LOC_STRINGS = YES;
				SWIFT_OPTIMIZATION_LEVEL = "-Onone";
				SWIFT_VERSION = 5.0;
				VERSIONING_SYSTEM = "apple-generic";
				VERSION_INFO_PREFIX = "";
			};
			name = Debug;
		};
		08C872662A86AB8E0034E6B6 /* Release */ = {
			isa = XCBuildConfiguration;
			buildSettings = {
				CLANG_ENABLE_MODULES = YES;
				CODE_SIGN_STYLE = Automatic;
				COMBINE_HIDPI_IMAGES = YES;
				CURRENT_PROJECT_VERSION = 1;
				DEFINES_MODULE = YES;
				DYLIB_COMPATIBILITY_VERSION = 1;
				DYLIB_CURRENT_VERSION = 1;
				DYLIB_INSTALL_NAME_BASE = "@rpath";
				GENERATE_INFOPLIST_FILE = YES;
				INFOPLIST_KEY_NSHumanReadableCopyright = "";
				INSTALL_PATH = "$(LOCAL_LIBRARY_DIR)/Frameworks";
				LD_RUNPATH_SEARCH_PATHS = (
					"$(inherited)",
					"@executable_path/../Frameworks",
					"@loader_path/Frameworks",
				);
				MACOSX_DEPLOYMENT_TARGET = 12.5;
				MARKETING_VERSION = 1.0;
				PRODUCT_BUNDLE_IDENTIFIER = br.com.Gabriel.Chacon.Bh.Data;
				PRODUCT_NAME = "$(TARGET_NAME:c99extidentifier)";
				SDKROOT = macosx;
				SKIP_INSTALL = YES;
				SWIFT_EMIT_LOC_STRINGS = YES;
				SWIFT_VERSION = 5.0;
				VERSIONING_SYSTEM = "apple-generic";
				VERSION_INFO_PREFIX = "";
			};
			name = Release;
		};
		08C872682A86AB8E0034E6B6 /* Debug */ = {
			isa = XCBuildConfiguration;
			buildSettings = {
				ALWAYS_EMBED_SWIFT_STANDARD_LIBRARIES = YES;
				CODE_SIGN_STYLE = Automatic;
				CURRENT_PROJECT_VERSION = 1;
				GENERATE_INFOPLIST_FILE = YES;
				MACOSX_DEPLOYMENT_TARGET = 12.5;
				MARKETING_VERSION = 1.0;
				PRODUCT_BUNDLE_IDENTIFIER = br.com.Gabriel.Chacon.Bh.DataTests;
				PRODUCT_NAME = "$(TARGET_NAME)";
				SDKROOT = macosx;
				SWIFT_EMIT_LOC_STRINGS = NO;
				SWIFT_VERSION = 5.0;
			};
			name = Debug;
		};
		08C872692A86AB8E0034E6B6 /* Release */ = {
			isa = XCBuildConfiguration;
			buildSettings = {
				ALWAYS_EMBED_SWIFT_STANDARD_LIBRARIES = YES;
				CODE_SIGN_STYLE = Automatic;
				CURRENT_PROJECT_VERSION = 1;
				GENERATE_INFOPLIST_FILE = YES;
				MACOSX_DEPLOYMENT_TARGET = 12.5;
				MARKETING_VERSION = 1.0;
				PRODUCT_BUNDLE_IDENTIFIER = br.com.Gabriel.Chacon.Bh.DataTests;
				PRODUCT_NAME = "$(TARGET_NAME)";
				SDKROOT = macosx;
				SWIFT_EMIT_LOC_STRINGS = NO;
				SWIFT_VERSION = 5.0;
			};
			name = Release;
		};
		08C872A02A86EB030034E6B6 /* Debug */ = {
			isa = XCBuildConfiguration;
			baseConfigurationReference = 7E0B51C9546621C0162FE01D /* Pods-Infra.debug.xcconfig */;
			buildSettings = {
				CLANG_ENABLE_MODULES = YES;
				CODE_SIGN_STYLE = Automatic;
				COMBINE_HIDPI_IMAGES = YES;
				CURRENT_PROJECT_VERSION = 1;
				DEFINES_MODULE = YES;
				DYLIB_COMPATIBILITY_VERSION = 1;
				DYLIB_CURRENT_VERSION = 1;
				DYLIB_INSTALL_NAME_BASE = "@rpath";
				GENERATE_INFOPLIST_FILE = YES;
				INFOPLIST_KEY_NSHumanReadableCopyright = "";
				INSTALL_PATH = "$(LOCAL_LIBRARY_DIR)/Frameworks";
				LD_RUNPATH_SEARCH_PATHS = (
					"$(inherited)",
					"@executable_path/../Frameworks",
					"@loader_path/Frameworks",
				);
				MACOSX_DEPLOYMENT_TARGET = 12.5;
				MARKETING_VERSION = 1.0;
				PRODUCT_BUNDLE_IDENTIFIER = br.com.Gabriel.Chacon.Bh.Infra;
				PRODUCT_NAME = "$(TARGET_NAME:c99extidentifier)";
				SDKROOT = macosx;
				SKIP_INSTALL = YES;
				SWIFT_EMIT_LOC_STRINGS = YES;
				SWIFT_OPTIMIZATION_LEVEL = "-Onone";
				SWIFT_VERSION = 5.0;
				VERSIONING_SYSTEM = "apple-generic";
				VERSION_INFO_PREFIX = "";
			};
			name = Debug;
		};
		08C872A12A86EB030034E6B6 /* Release */ = {
			isa = XCBuildConfiguration;
			baseConfigurationReference = EDBD8DFBE2326B26BC9D7B2A /* Pods-Infra.release.xcconfig */;
			buildSettings = {
				CLANG_ENABLE_MODULES = YES;
				CODE_SIGN_STYLE = Automatic;
				COMBINE_HIDPI_IMAGES = YES;
				CURRENT_PROJECT_VERSION = 1;
				DEFINES_MODULE = YES;
				DYLIB_COMPATIBILITY_VERSION = 1;
				DYLIB_CURRENT_VERSION = 1;
				DYLIB_INSTALL_NAME_BASE = "@rpath";
				GENERATE_INFOPLIST_FILE = YES;
				INFOPLIST_KEY_NSHumanReadableCopyright = "";
				INSTALL_PATH = "$(LOCAL_LIBRARY_DIR)/Frameworks";
				LD_RUNPATH_SEARCH_PATHS = (
					"$(inherited)",
					"@executable_path/../Frameworks",
					"@loader_path/Frameworks",
				);
				MACOSX_DEPLOYMENT_TARGET = 12.5;
				MARKETING_VERSION = 1.0;
				PRODUCT_BUNDLE_IDENTIFIER = br.com.Gabriel.Chacon.Bh.Infra;
				PRODUCT_NAME = "$(TARGET_NAME:c99extidentifier)";
				SDKROOT = macosx;
				SKIP_INSTALL = YES;
				SWIFT_EMIT_LOC_STRINGS = YES;
				SWIFT_VERSION = 5.0;
				VERSIONING_SYSTEM = "apple-generic";
				VERSION_INFO_PREFIX = "";
			};
			name = Release;
		};
		08C872A22A86EB030034E6B6 /* Debug */ = {
			isa = XCBuildConfiguration;
			baseConfigurationReference = D8D4B320BEF0E53CD026696D /* Pods-InfraTests.debug.xcconfig */;
			buildSettings = {
				ALWAYS_EMBED_SWIFT_STANDARD_LIBRARIES = YES;
				CODE_SIGN_STYLE = Automatic;
				CURRENT_PROJECT_VERSION = 1;
				GENERATE_INFOPLIST_FILE = YES;
				MACOSX_DEPLOYMENT_TARGET = 12.5;
				MARKETING_VERSION = 1.0;
				PRODUCT_BUNDLE_IDENTIFIER = br.com.Gabriel.Chacon.Bh.InfraTests;
				PRODUCT_NAME = "$(TARGET_NAME)";
				SDKROOT = macosx;
				SWIFT_EMIT_LOC_STRINGS = NO;
				SWIFT_VERSION = 5.0;
			};
			name = Debug;
		};
		08C872A32A86EB030034E6B6 /* Release */ = {
			isa = XCBuildConfiguration;
			baseConfigurationReference = ED365CE378B15AC1454D9EA9 /* Pods-InfraTests.release.xcconfig */;
			buildSettings = {
				ALWAYS_EMBED_SWIFT_STANDARD_LIBRARIES = YES;
				CODE_SIGN_STYLE = Automatic;
				CURRENT_PROJECT_VERSION = 1;
				GENERATE_INFOPLIST_FILE = YES;
				MACOSX_DEPLOYMENT_TARGET = 12.5;
				MARKETING_VERSION = 1.0;
				PRODUCT_BUNDLE_IDENTIFIER = br.com.Gabriel.Chacon.Bh.InfraTests;
				PRODUCT_NAME = "$(TARGET_NAME)";
				SDKROOT = macosx;
				SWIFT_EMIT_LOC_STRINGS = NO;
				SWIFT_VERSION = 5.0;
			};
			name = Release;
		};
		08CADD072A87BD0F00484486 /* Debug */ = {
			isa = XCBuildConfiguration;
			baseConfigurationReference = 9ED1106120B1C30BADEA8303 /* Pods-UseCasesIntegrationsTests.debug.xcconfig */;
			buildSettings = {
				CODE_SIGN_STYLE = Automatic;
				CURRENT_PROJECT_VERSION = 1;
				GENERATE_INFOPLIST_FILE = YES;
				MACOSX_DEPLOYMENT_TARGET = 12.5;
				MARKETING_VERSION = 1.0;
				PRODUCT_BUNDLE_IDENTIFIER = br.com.Gabriel.Chacon.Bh.UseCasesIntegrationsTests;
				PRODUCT_NAME = "$(TARGET_NAME)";
				SDKROOT = macosx;
				SWIFT_EMIT_LOC_STRINGS = NO;
				SWIFT_VERSION = 5.0;
			};
			name = Debug;
		};
		08CADD082A87BD0F00484486 /* Release */ = {
			isa = XCBuildConfiguration;
			baseConfigurationReference = 00B6E132DD5D8813FEB9D6C6 /* Pods-UseCasesIntegrationsTests.release.xcconfig */;
			buildSettings = {
				CODE_SIGN_STYLE = Automatic;
				CURRENT_PROJECT_VERSION = 1;
				GENERATE_INFOPLIST_FILE = YES;
				MACOSX_DEPLOYMENT_TARGET = 12.5;
				MARKETING_VERSION = 1.0;
				PRODUCT_BUNDLE_IDENTIFIER = br.com.Gabriel.Chacon.Bh.UseCasesIntegrationsTests;
				PRODUCT_NAME = "$(TARGET_NAME)";
				SDKROOT = macosx;
				SWIFT_EMIT_LOC_STRINGS = NO;
				SWIFT_VERSION = 5.0;
			};
			name = Release;
		};
/* End XCBuildConfiguration section */

/* Begin XCConfigurationList section */
		08A9266D2A85545E0003E93E /* Build configuration list for PBXProject "RickAndMorty" */ = {
			isa = XCConfigurationList;
			buildConfigurations = (
				08A926842A85545F0003E93E /* Debug */,
				08A926852A85545F0003E93E /* Release */,
			);
			defaultConfigurationIsVisible = 0;
			defaultConfigurationName = Release;
		};
		08A926922A8554F50003E93E /* Build configuration list for PBXNativeTarget "Domain" */ = {
			isa = XCConfigurationList;
			buildConfigurations = (
				08A926932A8554F50003E93E /* Debug */,
				08A926942A8554F50003E93E /* Release */,
			);
			defaultConfigurationIsVisible = 0;
			defaultConfigurationName = Release;
		};
		08C872642A86AB8E0034E6B6 /* Build configuration list for PBXNativeTarget "Data" */ = {
			isa = XCConfigurationList;
			buildConfigurations = (
				08C872652A86AB8E0034E6B6 /* Debug */,
				08C872662A86AB8E0034E6B6 /* Release */,
			);
			defaultConfigurationIsVisible = 0;
			defaultConfigurationName = Release;
		};
		08C872672A86AB8E0034E6B6 /* Build configuration list for PBXNativeTarget "DataTests" */ = {
			isa = XCConfigurationList;
			buildConfigurations = (
				08C872682A86AB8E0034E6B6 /* Debug */,
				08C872692A86AB8E0034E6B6 /* Release */,
			);
			defaultConfigurationIsVisible = 0;
			defaultConfigurationName = Release;
		};
		08C872A42A86EB030034E6B6 /* Build configuration list for PBXNativeTarget "Infra" */ = {
			isa = XCConfigurationList;
			buildConfigurations = (
				08C872A02A86EB030034E6B6 /* Debug */,
				08C872A12A86EB030034E6B6 /* Release */,
			);
			defaultConfigurationIsVisible = 0;
			defaultConfigurationName = Release;
		};
		08C872A52A86EB030034E6B6 /* Build configuration list for PBXNativeTarget "InfraTests" */ = {
			isa = XCConfigurationList;
			buildConfigurations = (
				08C872A22A86EB030034E6B6 /* Debug */,
				08C872A32A86EB030034E6B6 /* Release */,
			);
			defaultConfigurationIsVisible = 0;
			defaultConfigurationName = Release;
		};
		08CADD062A87BD0F00484486 /* Build configuration list for PBXNativeTarget "UseCasesIntegrationsTests" */ = {
			isa = XCConfigurationList;
			buildConfigurations = (
				08CADD072A87BD0F00484486 /* Debug */,
				08CADD082A87BD0F00484486 /* Release */,
			);
			defaultConfigurationIsVisible = 0;
			defaultConfigurationName = Release;
		};
/* End XCConfigurationList section */
	};
	rootObject = 08A9266A2A85545E0003E93E /* Project object */;
}
